// !$*UTF8*$!
{
	archiveVersion = 1;
	classes = {
	};
	objectVersion = 50;
	objects = {

/* Begin PBXBuildFile section */
		1685350A269B3E1000B56F9B /* AppDelegate.swift in Sources */ = {isa = PBXBuildFile; fileRef = 16853509269B3E1000B56F9B /* AppDelegate.swift */; };
		1685350C269B3E1000B56F9B /* SceneDelegate.swift in Sources */ = {isa = PBXBuildFile; fileRef = 1685350B269B3E1000B56F9B /* SceneDelegate.swift */; };
		1685350E269B3E1000B56F9B /* ViewController.swift in Sources */ = {isa = PBXBuildFile; fileRef = 1685350D269B3E1000B56F9B /* ViewController.swift */; };
		16853511269B3E1000B56F9B /* Main.storyboard in Resources */ = {isa = PBXBuildFile; fileRef = 1685350F269B3E1000B56F9B /* Main.storyboard */; };
		16853513269B3E1100B56F9B /* Assets.xcassets in Resources */ = {isa = PBXBuildFile; fileRef = 16853512269B3E1100B56F9B /* Assets.xcassets */; };
		16853516269B3E1100B56F9B /* LaunchScreen.storyboard in Resources */ = {isa = PBXBuildFile; fileRef = 16853514269B3E1100B56F9B /* LaunchScreen.storyboard */; };
		16853521269B3E1100B56F9B /* TableViewTestTests.swift in Sources */ = {isa = PBXBuildFile; fileRef = 16853520269B3E1100B56F9B /* TableViewTestTests.swift */; };
		1685352C269B3E1100B56F9B /* TableViewTestUITests.swift in Sources */ = {isa = PBXBuildFile; fileRef = 1685352B269B3E1100B56F9B /* TableViewTestUITests.swift */; };
		1685353A269B402100B56F9B /* TestViewTableCell.swift in Sources */ = {isa = PBXBuildFile; fileRef = 16853539269B402100B56F9B /* TestViewTableCell.swift */; };
/* End PBXBuildFile section */

/* Begin PBXContainerItemProxy section */
		1685351D269B3E1100B56F9B /* PBXContainerItemProxy */ = {
			isa = PBXContainerItemProxy;
			containerPortal = 168534FE269B3E1000B56F9B /* Project object */;
			proxyType = 1;
			remoteGlobalIDString = 16853505269B3E1000B56F9B;
			remoteInfo = TableViewTest;
		};
		16853528269B3E1100B56F9B /* PBXContainerItemProxy */ = {
			isa = PBXContainerItemProxy;
			containerPortal = 168534FE269B3E1000B56F9B /* Project object */;
			proxyType = 1;
			remoteGlobalIDString = 16853505269B3E1000B56F9B;
			remoteInfo = TableViewTest;
		};
/* End PBXContainerItemProxy section */

/* Begin PBXFileReference section */
		16853506269B3E1000B56F9B /* TableViewTest.app */ = {isa = PBXFileReference; explicitFileType = wrapper.application; includeInIndex = 0; path = TableViewTest.app; sourceTree = BUILT_PRODUCTS_DIR; };
		16853509269B3E1000B56F9B /* AppDelegate.swift */ = {isa = PBXFileReference; lastKnownFileType = sourcecode.swift; path = AppDelegate.swift; sourceTree = "<group>"; };
		1685350B269B3E1000B56F9B /* SceneDelegate.swift */ = {isa = PBXFileReference; lastKnownFileType = sourcecode.swift; path = SceneDelegate.swift; sourceTree = "<group>"; };
		1685350D269B3E1000B56F9B /* ViewController.swift */ = {isa = PBXFileReference; lastKnownFileType = sourcecode.swift; path = ViewController.swift; sourceTree = "<group>"; };
		16853510269B3E1000B56F9B /* Base */ = {isa = PBXFileReference; lastKnownFileType = file.storyboard; name = Base; path = Base.lproj/Main.storyboard; sourceTree = "<group>"; };
		16853512269B3E1100B56F9B /* Assets.xcassets */ = {isa = PBXFileReference; lastKnownFileType = folder.assetcatalog; path = Assets.xcassets; sourceTree = "<group>"; };
		16853515269B3E1100B56F9B /* Base */ = {isa = PBXFileReference; lastKnownFileType = file.storyboard; name = Base; path = Base.lproj/LaunchScreen.storyboard; sourceTree = "<group>"; };
		16853517269B3E1100B56F9B /* Info.plist */ = {isa = PBXFileReference; lastKnownFileType = text.plist.xml; path = Info.plist; sourceTree = "<group>"; };
		1685351C269B3E1100B56F9B /* TableViewTestTests.xctest */ = {isa = PBXFileReference; explicitFileType = wrapper.cfbundle; includeInIndex = 0; path = TableViewTestTests.xctest; sourceTree = BUILT_PRODUCTS_DIR; };
		16853520269B3E1100B56F9B /* TableViewTestTests.swift */ = {isa = PBXFileReference; lastKnownFileType = sourcecode.swift; path = TableViewTestTests.swift; sourceTree = "<group>"; };
		16853522269B3E1100B56F9B /* Info.plist */ = {isa = PBXFileReference; lastKnownFileType = text.plist.xml; path = Info.plist; sourceTree = "<group>"; };
		16853527269B3E1100B56F9B /* TableViewTestUITests.xctest */ = {isa = PBXFileReference; explicitFileType = wrapper.cfbundle; includeInIndex = 0; path = TableViewTestUITests.xctest; sourceTree = BUILT_PRODUCTS_DIR; };
		1685352B269B3E1100B56F9B /* TableViewTestUITests.swift */ = {isa = PBXFileReference; lastKnownFileType = sourcecode.swift; path = TableViewTestUITests.swift; sourceTree = "<group>"; };
		1685352D269B3E1100B56F9B /* Info.plist */ = {isa = PBXFileReference; lastKnownFileType = text.plist.xml; path = Info.plist; sourceTree = "<group>"; };
		16853539269B402100B56F9B /* TestViewTableCell.swift */ = {isa = PBXFileReference; lastKnownFileType = sourcecode.swift; path = TestViewTableCell.swift; sourceTree = "<group>"; };
/* End PBXFileReference section */

/* Begin PBXFrameworksBuildPhase section */
		16853503269B3E1000B56F9B /* Frameworks */ = {
			isa = PBXFrameworksBuildPhase;
			buildActionMask = 2147483647;
			files = (
			);
			runOnlyForDeploymentPostprocessing = 0;
		};
		16853519269B3E1100B56F9B /* Frameworks */ = {
			isa = PBXFrameworksBuildPhase;
			buildActionMask = 2147483647;
			files = (
			);
			runOnlyForDeploymentPostprocessing = 0;
		};
		16853524269B3E1100B56F9B /* Frameworks */ = {
			isa = PBXFrameworksBuildPhase;
			buildActionMask = 2147483647;
			files = (
			);
			runOnlyForDeploymentPostprocessing = 0;
		};
/* End PBXFrameworksBuildPhase section */

/* Begin PBXGroup section */
		168534FD269B3E1000B56F9B = {
			isa = PBXGroup;
			children = (
				16853508269B3E1000B56F9B /* TableViewTest */,
				1685351F269B3E1100B56F9B /* TableViewTestTests */,
				1685352A269B3E1100B56F9B /* TableViewTestUITests */,
				16853507269B3E1000B56F9B /* Products */,
			);
			sourceTree = "<group>";
		};
		16853507269B3E1000B56F9B /* Products */ = {
			isa = PBXGroup;
			children = (
				16853506269B3E1000B56F9B /* TableViewTest.app */,
				1685351C269B3E1100B56F9B /* TableViewTestTests.xctest */,
				16853527269B3E1100B56F9B /* TableViewTestUITests.xctest */,
			);
			name = Products;
			sourceTree = "<group>";
		};
		16853508269B3E1000B56F9B /* TableViewTest */ = {
			isa = PBXGroup;
			children = (
				16853509269B3E1000B56F9B /* AppDelegate.swift */,
				1685350B269B3E1000B56F9B /* SceneDelegate.swift */,
				1685350D269B3E1000B56F9B /* ViewController.swift */,
				1685350F269B3E1000B56F9B /* Main.storyboard */,
				16853512269B3E1100B56F9B /* Assets.xcassets */,
				16853514269B3E1100B56F9B /* LaunchScreen.storyboard */,
				16853517269B3E1100B56F9B /* Info.plist */,
				16853539269B402100B56F9B /* TestViewTableCell.swift */,
			);
			path = TableViewTest;
			sourceTree = "<group>";
		};
		1685351F269B3E1100B56F9B /* TableViewTestTests */ = {
			isa = PBXGroup;
			children = (
				16853520269B3E1100B56F9B /* TableViewTestTests.swift */,
				16853522269B3E1100B56F9B /* Info.plist */,
			);
			path = TableViewTestTests;
			sourceTree = "<group>";
		};
		1685352A269B3E1100B56F9B /* TableViewTestUITests */ = {
			isa = PBXGroup;
			children = (
				1685352B269B3E1100B56F9B /* TableViewTestUITests.swift */,
				1685352D269B3E1100B56F9B /* Info.plist */,
			);
			path = TableViewTestUITests;
			sourceTree = "<group>";
		};
/* End PBXGroup section */

/* Begin PBXNativeTarget section */
		16853505269B3E1000B56F9B /* TableViewTest */ = {
			isa = PBXNativeTarget;
			buildConfigurationList = 16853530269B3E1100B56F9B /* Build configuration list for PBXNativeTarget "TableViewTest" */;
			buildPhases = (
				16853502269B3E1000B56F9B /* Sources */,
				16853503269B3E1000B56F9B /* Frameworks */,
				16853504269B3E1000B56F9B /* Resources */,
			);
			buildRules = (
			);
			dependencies = (
			);
			name = TableViewTest;
			productName = TableViewTest;
			productReference = 16853506269B3E1000B56F9B /* TableViewTest.app */;
			productType = "com.apple.product-type.application";
		};
		1685351B269B3E1100B56F9B /* TableViewTestTests */ = {
			isa = PBXNativeTarget;
			buildConfigurationList = 16853533269B3E1100B56F9B /* Build configuration list for PBXNativeTarget "TableViewTestTests" */;
			buildPhases = (
				16853518269B3E1100B56F9B /* Sources */,
				16853519269B3E1100B56F9B /* Frameworks */,
				1685351A269B3E1100B56F9B /* Resources */,
			);
			buildRules = (
			);
			dependencies = (
				1685351E269B3E1100B56F9B /* PBXTargetDependency */,
			);
			name = TableViewTestTests;
			productName = TableViewTestTests;
			productReference = 1685351C269B3E1100B56F9B /* TableViewTestTests.xctest */;
			productType = "com.apple.product-type.bundle.unit-test";
		};
		16853526269B3E1100B56F9B /* TableViewTestUITests */ = {
			isa = PBXNativeTarget;
			buildConfigurationList = 16853536269B3E1100B56F9B /* Build configuration list for PBXNativeTarget "TableViewTestUITests" */;
			buildPhases = (
				16853523269B3E1100B56F9B /* Sources */,
				16853524269B3E1100B56F9B /* Frameworks */,
				16853525269B3E1100B56F9B /* Resources */,
			);
			buildRules = (
			);
			dependencies = (
				16853529269B3E1100B56F9B /* PBXTargetDependency */,
			);
			name = TableViewTestUITests;
			productName = TableViewTestUITests;
			productReference = 16853527269B3E1100B56F9B /* TableViewTestUITests.xctest */;
			productType = "com.apple.product-type.bundle.ui-testing";
		};
/* End PBXNativeTarget section */

/* Begin PBXProject section */
		168534FE269B3E1000B56F9B /* Project object */ = {
			isa = PBXProject;
			attributes = {
				LastSwiftUpdateCheck = 1250;
				LastUpgradeCheck = 1250;
				TargetAttributes = {
					16853505269B3E1000B56F9B = {
						CreatedOnToolsVersion = 12.5.1;
					};
					1685351B269B3E1100B56F9B = {
						CreatedOnToolsVersion = 12.5.1;
						TestTargetID = 16853505269B3E1000B56F9B;
					};
					16853526269B3E1100B56F9B = {
						CreatedOnToolsVersion = 12.5.1;
						TestTargetID = 16853505269B3E1000B56F9B;
					};
				};
			};
			buildConfigurationList = 16853501269B3E1000B56F9B /* Build configuration list for PBXProject "TableViewTest" */;
			compatibilityVersion = "Xcode 9.3";
			developmentRegion = en;
			hasScannedForEncodings = 0;
			knownRegions = (
				en,
				Base,
			);
			mainGroup = 168534FD269B3E1000B56F9B;
			productRefGroup = 16853507269B3E1000B56F9B /* Products */;
			projectDirPath = "";
			projectRoot = "";
			targets = (
				16853505269B3E1000B56F9B /* TableViewTest */,
				1685351B269B3E1100B56F9B /* TableViewTestTests */,
				16853526269B3E1100B56F9B /* TableViewTestUITests */,
			);
		};
/* End PBXProject section */

/* Begin PBXResourcesBuildPhase section */
		16853504269B3E1000B56F9B /* Resources */ = {
			isa = PBXResourcesBuildPhase;
			buildActionMask = 2147483647;
			files = (
				16853516269B3E1100B56F9B /* LaunchScreen.storyboard in Resources */,
				16853513269B3E1100B56F9B /* Assets.xcassets in Resources */,
				16853511269B3E1000B56F9B /* Main.storyboard in Resources */,
			);
			runOnlyForDeploymentPostprocessing = 0;
		};
		1685351A269B3E1100B56F9B /* Resources */ = {
			isa = PBXResourcesBuildPhase;
			buildActionMask = 2147483647;
			files = (
			);
			runOnlyForDeploymentPostprocessing = 0;
		};
		16853525269B3E1100B56F9B /* Resources */ = {
			isa = PBXResourcesBuildPhase;
			buildActionMask = 2147483647;
			files = (
			);
			runOnlyForDeploymentPostprocessing = 0;
		};
/* End PBXResourcesBuildPhase section */

/* Begin PBXSourcesBuildPhase section */
		16853502269B3E1000B56F9B /* Sources */ = {
			isa = PBXSourcesBuildPhase;
			buildActionMask = 2147483647;
			files = (
				1685350E269B3E1000B56F9B /* ViewController.swift in Sources */,
				1685353A269B402100B56F9B /* TestViewTableCell.swift in Sources */,
				1685350A269B3E1000B56F9B /* AppDelegate.swift in Sources */,
				1685350C269B3E1000B56F9B /* SceneDelegate.swift in Sources */,
			);
			runOnlyForDeploymentPostprocessing = 0;
		};
		16853518269B3E1100B56F9B /* Sources */ = {
			isa = PBXSourcesBuildPhase;
			buildActionMask = 2147483647;
			files = (
				16853521269B3E1100B56F9B /* TableViewTestTests.swift in Sources */,
			);
			runOnlyForDeploymentPostprocessing = 0;
		};
		16853523269B3E1100B56F9B /* Sources */ = {
			isa = PBXSourcesBuildPhase;
			buildActionMask = 2147483647;
			files = (
				1685352C269B3E1100B56F9B /* TableViewTestUITests.swift in Sources */,
			);
			runOnlyForDeploymentPostprocessing = 0;
		};
/* End PBXSourcesBuildPhase section */

/* Begin PBXTargetDependency section */
		1685351E269B3E1100B56F9B /* PBXTargetDependency */ = {
			isa = PBXTargetDependency;
			target = 16853505269B3E1000B56F9B /* TableViewTest */;
			targetProxy = 1685351D269B3E1100B56F9B /* PBXContainerItemProxy */;
		};
		16853529269B3E1100B56F9B /* PBXTargetDependency */ = {
			isa = PBXTargetDependency;
			target = 16853505269B3E1000B56F9B /* TableViewTest */;
			targetProxy = 16853528269B3E1100B56F9B /* PBXContainerItemProxy */;
		};
/* End PBXTargetDependency section */

/* Begin PBXVariantGroup section */
		1685350F269B3E1000B56F9B /* Main.storyboard */ = {
			isa = PBXVariantGroup;
			children = (
				16853510269B3E1000B56F9B /* Base */,
			);
			name = Main.storyboard;
			sourceTree = "<group>";
		};
		16853514269B3E1100B56F9B /* LaunchScreen.storyboard */ = {
			isa = PBXVariantGroup;
			children = (
				16853515269B3E1100B56F9B /* Base */,
			);
			name = LaunchScreen.storyboard;
			sourceTree = "<group>";
		};
/* End PBXVariantGroup section */

/* Begin XCBuildConfiguration section */
		1685352E269B3E1100B56F9B /* Debug */ = {
			isa = XCBuildConfiguration;
			buildSettings = {
				ALWAYS_SEARCH_USER_PATHS = NO;
				CLANG_ANALYZER_NONNULL = YES;
				CLANG_ANALYZER_NUMBER_OBJECT_CONVERSION = YES_AGGRESSIVE;
				CLANG_CXX_LANGUAGE_STANDARD = "gnu++14";
				CLANG_CXX_LIBRARY = "libc++";
				CLANG_ENABLE_MODULES = YES;
				CLANG_ENABLE_OBJC_ARC = YES;
				CLANG_ENABLE_OBJC_WEAK = YES;
				CLANG_WARN_BLOCK_CAPTURE_AUTORELEASING = YES;
				CLANG_WARN_BOOL_CONVERSION = YES;
				CLANG_WARN_COMMA = YES;
				CLANG_WARN_CONSTANT_CONVERSION = YES;
				CLANG_WARN_DEPRECATED_OBJC_IMPLEMENTATIONS = YES;
				CLANG_WARN_DIRECT_OBJC_ISA_USAGE = YES_ERROR;
				CLANG_WARN_DOCUMENTATION_COMMENTS = YES;
				CLANG_WARN_EMPTY_BODY = YES;
				CLANG_WARN_ENUM_CONVERSION = YES;
				CLANG_WARN_INFINITE_RECURSION = YES;
				CLANG_WARN_INT_CONVERSION = YES;
				CLANG_WARN_NON_LITERAL_NULL_CONVERSION = YES;
				CLANG_WARN_OBJC_IMPLICIT_RETAIN_SELF = YES;
				CLANG_WARN_OBJC_LITERAL_CONVERSION = YES;
				CLANG_WARN_OBJC_ROOT_CLASS = YES_ERROR;
				CLANG_WARN_QUOTED_INCLUDE_IN_FRAMEWORK_HEADER = YES;
				CLANG_WARN_RANGE_LOOP_ANALYSIS = YES;
				CLANG_WARN_STRICT_PROTOTYPES = YES;
				CLANG_WARN_SUSPICIOUS_MOVE = YES;
				CLANG_WARN_UNGUARDED_AVAILABILITY = YES_AGGRESSIVE;
				CLANG_WARN_UNREACHABLE_CODE = YES;
				CLANG_WARN__DUPLICATE_METHOD_MATCH = YES;
				COPY_PHASE_STRIP = NO;
				DEBUG_INFORMATION_FORMAT = dwarf;
				ENABLE_STRICT_OBJC_MSGSEND = YES;
				ENABLE_TESTABILITY = YES;
				GCC_C_LANGUAGE_STANDARD = gnu11;
				GCC_DYNAMIC_NO_PIC = NO;
				GCC_NO_COMMON_BLOCKS = YES;
				GCC_OPTIMIZATION_LEVEL = 0;
				GCC_PREPROCESSOR_DEFINITIONS = (
					"DEBUG=1",
					"$(inherited)",
				);
				GCC_WARN_64_TO_32_BIT_CONVERSION = YES;
				GCC_WARN_ABOUT_RETURN_TYPE = YES_ERROR;
				GCC_WARN_UNDECLARED_SELECTOR = YES;
				GCC_WARN_UNINITIALIZED_AUTOS = YES_AGGRESSIVE;
				GCC_WARN_UNUSED_FUNCTION = YES;
				GCC_WARN_UNUSED_VARIABLE = YES;
				IPHONEOS_DEPLOYMENT_TARGET = 14.5;
				MTL_ENABLE_DEBUG_INFO = INCLUDE_SOURCE;
				MTL_FAST_MATH = YES;
				ONLY_ACTIVE_ARCH = YES;
				SDKROOT = iphoneos;
				SWIFT_ACTIVE_COMPILATION_CONDITIONS = DEBUG;
				SWIFT_OPTIMIZATION_LEVEL = "-Onone";
			};
			name = Debug;
		};
		1685352F269B3E1100B56F9B /* Release */ = {
			isa = XCBuildConfiguration;
			buildSettings = {
				ALWAYS_SEARCH_USER_PATHS = NO;
				CLANG_ANALYZER_NONNULL = YES;
				CLANG_ANALYZER_NUMBER_OBJECT_CONVERSION = YES_AGGRESSIVE;
				CLANG_CXX_LANGUAGE_STANDARD = "gnu++14";
				CLANG_CXX_LIBRARY = "libc++";
				CLANG_ENABLE_MODULES = YES;
				CLANG_ENABLE_OBJC_ARC = YES;
				CLANG_ENABLE_OBJC_WEAK = YES;
				CLANG_WARN_BLOCK_CAPTURE_AUTORELEASING = YES;
				CLANG_WARN_BOOL_CONVERSION = YES;
				CLANG_WARN_COMMA = YES;
				CLANG_WARN_CONSTANT_CONVERSION = YES;
				CLANG_WARN_DEPRECATED_OBJC_IMPLEMENTATIONS = YES;
				CLANG_WARN_DIRECT_OBJC_ISA_USAGE = YES_ERROR;
				CLANG_WARN_DOCUMENTATION_COMMENTS = YES;
				CLANG_WARN_EMPTY_BODY = YES;
				CLANG_WARN_ENUM_CONVERSION = YES;
				CLANG_WARN_INFINITE_RECURSION = YES;
				CLANG_WARN_INT_CONVERSION = YES;
				CLANG_WARN_NON_LITERAL_NULL_CONVERSION = YES;
				CLANG_WARN_OBJC_IMPLICIT_RETAIN_SELF = YES;
				CLANG_WARN_OBJC_LITERAL_CONVERSION = YES;
				CLANG_WARN_OBJC_ROOT_CLASS = YES_ERROR;
				CLANG_WARN_QUOTED_INCLUDE_IN_FRAMEWORK_HEADER = YES;
				CLANG_WARN_RANGE_LOOP_ANALYSIS = YES;
				CLANG_WARN_STRICT_PROTOTYPES = YES;
				CLANG_WARN_SUSPICIOUS_MOVE = YES;
				CLANG_WARN_UNGUARDED_AVAILABILITY = YES_AGGRESSIVE;
				CLANG_WARN_UNREACHABLE_CODE = YES;
				CLANG_WARN__DUPLICATE_METHOD_MATCH = YES;
				COPY_PHASE_STRIP = NO;
				DEBUG_INFORMATION_FORMAT = "dwarf-with-dsym";
				ENABLE_NS_ASSERTIONS = NO;
				ENABLE_STRICT_OBJC_MSGSEND = YES;
				GCC_C_LANGUAGE_STANDARD = gnu11;
				GCC_NO_COMMON_BLOCKS = YES;
				GCC_WARN_64_TO_32_BIT_CONVERSION = YES;
				GCC_WARN_ABOUT_RETURN_TYPE = YES_ERROR;
				GCC_WARN_UNDECLARED_SELECTOR = YES;
				GCC_WARN_UNINITIALIZED_AUTOS = YES_AGGRESSIVE;
				GCC_WARN_UNUSED_FUNCTION = YES;
				GCC_WARN_UNUSED_VARIABLE = YES;
				IPHONEOS_DEPLOYMENT_TARGET = 14.5;
				MTL_ENABLE_DEBUG_INFO = NO;
				MTL_FAST_MATH = YES;
				SDKROOT = iphoneos;
				SWIFT_COMPILATION_MODE = wholemodule;
				SWIFT_OPTIMIZATION_LEVEL = "-O";
				VALIDATE_PRODUCT = YES;
			};
			name = Release;
		};
		16853531269B3E1100B56F9B /* Debug */ = {
			isa = XCBuildConfiguration;
			buildSettings = {
				ASSETCATALOG_COMPILER_APPICON_NAME = AppIcon;
				ASSETCATALOG_COMPILER_GLOBAL_ACCENT_COLOR_NAME = AccentColor;
				CODE_SIGN_STYLE = Automatic;
				DEVELOPMENT_TEAM = 74R6HWJ839;
				INFOPLIST_FILE = TableViewTest/Info.plist;
				LD_RUNPATH_SEARCH_PATHS = (
					"$(inherited)",
					"@executable_path/Frameworks",
				);
				PRODUCT_BUNDLE_IDENTIFIER = com.yoosoony.TableViewTest;
				PRODUCT_NAME = "$(TARGET_NAME)";
				SWIFT_VERSION = 5.0;
				TARGETED_DEVICE_FAMILY = "1,2";
			};
			name = Debug;
		};
		16853532269B3E1100B56F9B /* Release */ = {
			isa = XCBuildConfiguration;
			buildSettings = {
				ASSETCATALOG_COMPILER_APPICON_NAME = AppIcon;
				ASSETCATALOG_COMPILER_GLOBAL_ACCENT_COLOR_NAME = AccentColor;
				CODE_SIGN_STYLE = Automatic;
				DEVELOPMENT_TEAM = 74R6HWJ839;
				INFOPLIST_FILE = TableViewTest/Info.plist;
				LD_RUNPATH_SEARCH_PATHS = (
					"$(inherited)",
					"@executable_path/Frameworks",
				);
				PRODUCT_BUNDLE_IDENTIFIER = com.yoosoony.TableViewTest;
				PRODUCT_NAME = "$(TARGET_NAME)";
				SWIFT_VERSION = 5.0;
				TARGETED_DEVICE_FAMILY = "1,2";
			};
			name = Release;
		};
		16853534269B3E1100B56F9B /* Debug */ = {
			isa = XCBuildConfiguration;
			buildSettings = {
				ALWAYS_EMBED_SWIFT_STANDARD_LIBRARIES = YES;
				BUNDLE_LOADER = "$(TEST_HOST)";
				CODE_SIGN_STYLE = Automatic;
				DEVELOPMENT_TEAM = 74R6HWJ839;
				INFOPLIST_FILE = TableViewTestTests/Info.plist;
				IPHONEOS_DEPLOYMENT_TARGET = 14.5;
				LD_RUNPATH_SEARCH_PATHS = (
					"$(inherited)",
					"@executable_path/Frameworks",
					"@loader_path/Frameworks",
				);
				PRODUCT_BUNDLE_IDENTIFIER = com.yoosoony.TableViewTestTests;
				PRODUCT_NAME = "$(TARGET_NAME)";
				SWIFT_VERSION = 5.0;
				TARGETED_DEVICE_FAMILY = "1,2";
				TEST_HOST = "$(BUILT_PRODUCTS_DIR)/TableViewTest.app/TableViewTest";
			};
			name = Debug;
		};
		16853535269B3E1100B56F9B /* Release */ = {
			isa = XCBuildConfiguration;
			buildSettings = {
				ALWAYS_EMBED_SWIFT_STANDARD_LIBRARIES = YES;
				BUNDLE_LOADER = "$(TEST_HOST)";
				CODE_SIGN_STYLE = Automatic;
				DEVELOPMENT_TEAM = 74R6HWJ839;
				INFOPLIST_FILE = TableViewTestTests/Info.plist;
				IPHONEOS_DEPLOYMENT_TARGET = 14.5;
				LD_RUNPATH_SEARCH_PATHS = (
					"$(inherited)",
					"@executable_path/Frameworks",
					"@loader_path/Frameworks",
				);
				PRODUCT_BUNDLE_IDENTIFIER = com.yoosoony.TableViewTestTests;
				PRODUCT_NAME = "$(TARGET_NAME)";
				SWIFT_VERSION = 5.0;
				TARGETED_DEVICE_FAMILY = "1,2";
				TEST_HOST = "$(BUILT_PRODUCTS_DIR)/TableViewTest.app/TableViewTest";
			};
			name = Release;
		};
		16853537269B3E1100B56F9B /* Debug */ = {
			isa = XCBuildConfiguration;
			buildSettings = {
				ALWAYS_EMBED_SWIFT_STANDARD_LIBRARIES = YES;
				CODE_SIGN_STYLE = Automatic;
				DEVELOPMENT_TEAM = 74R6HWJ839;
				INFOPLIST_FILE = TableViewTestUITests/Info.plist;
				LD_RUNPATH_SEARCH_PATHS = (
					"$(inherited)",
					"@executable_path/Frameworks",
					"@loader_path/Frameworks",
				);
				PRODUCT_BUNDLE_IDENTIFIER = com.yoosoony.TableViewTestUITests;
				PRODUCT_NAME = "$(TARGET_NAME)";
				SWIFT_VERSION = 5.0;
				TARGETED_DEVICE_FAMILY = "1,2";
				TEST_TARGET_NAME = TableViewTest;
			};
			name = Debug;
		};
		16853538269B3E1100B56F9B /* Release */ = {
			isa = XCBuildConfiguration;
			buildSettings = {
				ALWAYS_EMBED_SWIFT_STANDARD_LIBRARIES = YES;
				CODE_SIGN_STYLE = Automatic;
				DEVELOPMENT_TEAM = 74R6HWJ839;
				INFOPLIST_FILE = TableViewTestUITests/Info.plist;
				LD_RUNPATH_SEARCH_PATHS = (
					"$(inherited)",
					"@executable_path/Frameworks",
					"@loader_path/Frameworks",
				);
				PRODUCT_BUNDLE_IDENTIFIER = com.yoosoony.TableViewTestUITests;
				PRODUCT_NAME = "$(TARGET_NAME)";
				SWIFT_VERSION = 5.0;
				TARGETED_DEVICE_FAMILY = "1,2";
				TEST_TARGET_NAME = TableViewTest;
			};
			name = Release;
		};
/* End XCBuildConfiguration section */

/* Begin XCConfigurationList section */
		16853501269B3E1000B56F9B /* Build configuration list for PBXProject "TableViewTest" */ = {
			isa = XCConfigurationList;
			buildConfigurations = (
				1685352E269B3E1100B56F9B /* Debug */,
				1685352F269B3E1100B56F9B /* Release */,
			);
			defaultConfigurationIsVisible = 0;
			defaultConfigurationName = Release;
		};
		16853530269B3E1100B56F9B /* Build configuration list for PBXNativeTarget "TableViewTest" */ = {
			isa = XCConfigurationList;
			buildConfigurations = (
				16853531269B3E1100B56F9B /* Debug */,
				16853532269B3E1100B56F9B /* Release */,
			);
			defaultConfigurationIsVisible = 0;
			defaultConfigurationName = Release;
		};
		16853533269B3E1100B56F9B /* Build configuration list for PBXNativeTarget "TableViewTestTests" */ = {
			isa = XCConfigurationList;
			buildConfigurations = (
				16853534269B3E1100B56F9B /* Debug */,
				16853535269B3E1100B56F9B /* Release */,
			);
			defaultConfigurationIsVisible = 0;
			defaultConfigurationName = Release;
		};
		16853536269B3E1100B56F9B /* Build configuration list for PBXNativeTarget "TableViewTestUITests" */ = {
			isa = XCConfigurationList;
			buildConfigurations = (
				16853537269B3E1100B56F9B /* Debug */,
				16853538269B3E1100B56F9B /* Release */,
			);
			defaultConfigurationIsVisible = 0;
			defaultConfigurationName = Release;
		};
/* End XCConfigurationList section */
	};
	rootObject = 168534FE269B3E1000B56F9B /* Project object */;
}
