// !$*UTF8*$!
{
	archiveVersion = 1;
	classes = {
	};
	objectVersion = 50;
	objects = {

/* Begin PBXBuildFile section */
		168614BC2695E2080036565A /* AppDelegate.swift in Sources */ = {isa = PBXBuildFile; fileRef = 168614BB2695E2080036565A /* AppDelegate.swift */; };
		168614BE2695E2080036565A /* SceneDelegate.swift in Sources */ = {isa = PBXBuildFile; fileRef = 168614BD2695E2080036565A /* SceneDelegate.swift */; };
		168614C02695E2080036565A /* ViewController.swift in Sources */ = {isa = PBXBuildFile; fileRef = 168614BF2695E2080036565A /* ViewController.swift */; };
		168614C32695E2080036565A /* Main.storyboard in Resources */ = {isa = PBXBuildFile; fileRef = 168614C12695E2080036565A /* Main.storyboard */; };
		168614C52695E20A0036565A /* Assets.xcassets in Resources */ = {isa = PBXBuildFile; fileRef = 168614C42695E20A0036565A /* Assets.xcassets */; };
		168614C82695E20A0036565A /* LaunchScreen.storyboard in Resources */ = {isa = PBXBuildFile; fileRef = 168614C62695E20A0036565A /* LaunchScreen.storyboard */; };
		168614D32695E20A0036565A /* JeongSanTests.swift in Sources */ = {isa = PBXBuildFile; fileRef = 168614D22695E20A0036565A /* JeongSanTests.swift */; };
		168614DE2695E20A0036565A /* JeongSanUITests.swift in Sources */ = {isa = PBXBuildFile; fileRef = 168614DD2695E20A0036565A /* JeongSanUITests.swift */; };
/* End PBXBuildFile section */

/* Begin PBXContainerItemProxy section */
		168614CF2695E20A0036565A /* PBXContainerItemProxy */ = {
			isa = PBXContainerItemProxy;
			containerPortal = 168614B02695E2080036565A /* Project object */;
			proxyType = 1;
			remoteGlobalIDString = 168614B72695E2080036565A;
			remoteInfo = JeongSan;
		};
		168614DA2695E20A0036565A /* PBXContainerItemProxy */ = {
			isa = PBXContainerItemProxy;
			containerPortal = 168614B02695E2080036565A /* Project object */;
			proxyType = 1;
			remoteGlobalIDString = 168614B72695E2080036565A;
			remoteInfo = JeongSan;
		};
/* End PBXContainerItemProxy section */

/* Begin PBXFileReference section */
		168614B82695E2080036565A /* JeongSan.app */ = {isa = PBXFileReference; explicitFileType = wrapper.application; includeInIndex = 0; path = JeongSan.app; sourceTree = BUILT_PRODUCTS_DIR; };
		168614BB2695E2080036565A /* AppDelegate.swift */ = {isa = PBXFileReference; lastKnownFileType = sourcecode.swift; path = AppDelegate.swift; sourceTree = "<group>"; };
		168614BD2695E2080036565A /* SceneDelegate.swift */ = {isa = PBXFileReference; lastKnownFileType = sourcecode.swift; path = SceneDelegate.swift; sourceTree = "<group>"; };
		168614BF2695E2080036565A /* ViewController.swift */ = {isa = PBXFileReference; lastKnownFileType = sourcecode.swift; path = ViewController.swift; sourceTree = "<group>"; };
		168614C22695E2080036565A /* Base */ = {isa = PBXFileReference; lastKnownFileType = file.storyboard; name = Base; path = Base.lproj/Main.storyboard; sourceTree = "<group>"; };
		168614C42695E20A0036565A /* Assets.xcassets */ = {isa = PBXFileReference; lastKnownFileType = folder.assetcatalog; path = Assets.xcassets; sourceTree = "<group>"; };
		168614C72695E20A0036565A /* Base */ = {isa = PBXFileReference; lastKnownFileType = file.storyboard; name = Base; path = Base.lproj/LaunchScreen.storyboard; sourceTree = "<group>"; };
		168614C92695E20A0036565A /* Info.plist */ = {isa = PBXFileReference; lastKnownFileType = text.plist.xml; path = Info.plist; sourceTree = "<group>"; };
		168614CE2695E20A0036565A /* JeongSanTests.xctest */ = {isa = PBXFileReference; explicitFileType = wrapper.cfbundle; includeInIndex = 0; path = JeongSanTests.xctest; sourceTree = BUILT_PRODUCTS_DIR; };
		168614D22695E20A0036565A /* JeongSanTests.swift */ = {isa = PBXFileReference; lastKnownFileType = sourcecode.swift; path = JeongSanTests.swift; sourceTree = "<group>"; };
		168614D42695E20A0036565A /* Info.plist */ = {isa = PBXFileReference; lastKnownFileType = text.plist.xml; path = Info.plist; sourceTree = "<group>"; };
		168614D92695E20A0036565A /* JeongSanUITests.xctest */ = {isa = PBXFileReference; explicitFileType = wrapper.cfbundle; includeInIndex = 0; path = JeongSanUITests.xctest; sourceTree = BUILT_PRODUCTS_DIR; };
		168614DD2695E20A0036565A /* JeongSanUITests.swift */ = {isa = PBXFileReference; lastKnownFileType = sourcecode.swift; path = JeongSanUITests.swift; sourceTree = "<group>"; };
		168614DF2695E20A0036565A /* Info.plist */ = {isa = PBXFileReference; lastKnownFileType = text.plist.xml; path = Info.plist; sourceTree = "<group>"; };
/* End PBXFileReference section */

/* Begin PBXFrameworksBuildPhase section */
		168614B52695E2080036565A /* Frameworks */ = {
			isa = PBXFrameworksBuildPhase;
			buildActionMask = 2147483647;
			files = (
			);
			runOnlyForDeploymentPostprocessing = 0;
		};
		168614CB2695E20A0036565A /* Frameworks */ = {
			isa = PBXFrameworksBuildPhase;
			buildActionMask = 2147483647;
			files = (
			);
			runOnlyForDeploymentPostprocessing = 0;
		};
		168614D62695E20A0036565A /* Frameworks */ = {
			isa = PBXFrameworksBuildPhase;
			buildActionMask = 2147483647;
			files = (
			);
			runOnlyForDeploymentPostprocessing = 0;
		};
/* End PBXFrameworksBuildPhase section */

/* Begin PBXGroup section */
		168614AF2695E2080036565A = {
			isa = PBXGroup;
			children = (
				168614BA2695E2080036565A /* JeongSan */,
				168614D12695E20A0036565A /* JeongSanTests */,
				168614DC2695E20A0036565A /* JeongSanUITests */,
				168614B92695E2080036565A /* Products */,
			);
			sourceTree = "<group>";
		};
		168614B92695E2080036565A /* Products */ = {
			isa = PBXGroup;
			children = (
				168614B82695E2080036565A /* JeongSan.app */,
				168614CE2695E20A0036565A /* JeongSanTests.xctest */,
				168614D92695E20A0036565A /* JeongSanUITests.xctest */,
			);
			name = Products;
			sourceTree = "<group>";
		};
		168614BA2695E2080036565A /* JeongSan */ = {
			isa = PBXGroup;
			children = (
				168614BB2695E2080036565A /* AppDelegate.swift */,
				168614BD2695E2080036565A /* SceneDelegate.swift */,
				168614BF2695E2080036565A /* ViewController.swift */,
				168614C12695E2080036565A /* Main.storyboard */,
				168614C42695E20A0036565A /* Assets.xcassets */,
				168614C62695E20A0036565A /* LaunchScreen.storyboard */,
				168614C92695E20A0036565A /* Info.plist */,
			);
			path = JeongSan;
			sourceTree = "<group>";
		};
		168614D12695E20A0036565A /* JeongSanTests */ = {
			isa = PBXGroup;
			children = (
				168614D22695E20A0036565A /* JeongSanTests.swift */,
				168614D42695E20A0036565A /* Info.plist */,
			);
			path = JeongSanTests;
			sourceTree = "<group>";
		};
		168614DC2695E20A0036565A /* JeongSanUITests */ = {
			isa = PBXGroup;
			children = (
				168614DD2695E20A0036565A /* JeongSanUITests.swift */,
				168614DF2695E20A0036565A /* Info.plist */,
			);
			path = JeongSanUITests;
			sourceTree = "<group>";
		};
/* End PBXGroup section */

/* Begin PBXNativeTarget section */
		168614B72695E2080036565A /* JeongSan */ = {
			isa = PBXNativeTarget;
			buildConfigurationList = 168614E22695E20A0036565A /* Build configuration list for PBXNativeTarget "JeongSan" */;
			buildPhases = (
				168614B42695E2080036565A /* Sources */,
				168614B52695E2080036565A /* Frameworks */,
				168614B62695E2080036565A /* Resources */,
			);
			buildRules = (
			);
			dependencies = (
			);
			name = JeongSan;
			productName = JeongSan;
			productReference = 168614B82695E2080036565A /* JeongSan.app */;
			productType = "com.apple.product-type.application";
		};
		168614CD2695E20A0036565A /* JeongSanTests */ = {
			isa = PBXNativeTarget;
			buildConfigurationList = 168614E52695E20A0036565A /* Build configuration list for PBXNativeTarget "JeongSanTests" */;
			buildPhases = (
				168614CA2695E20A0036565A /* Sources */,
				168614CB2695E20A0036565A /* Frameworks */,
				168614CC2695E20A0036565A /* Resources */,
			);
			buildRules = (
			);
			dependencies = (
				168614D02695E20A0036565A /* PBXTargetDependency */,
			);
			name = JeongSanTests;
			productName = JeongSanTests;
			productReference = 168614CE2695E20A0036565A /* JeongSanTests.xctest */;
			productType = "com.apple.product-type.bundle.unit-test";
		};
		168614D82695E20A0036565A /* JeongSanUITests */ = {
			isa = PBXNativeTarget;
			buildConfigurationList = 168614E82695E20A0036565A /* Build configuration list for PBXNativeTarget "JeongSanUITests" */;
			buildPhases = (
				168614D52695E20A0036565A /* Sources */,
				168614D62695E20A0036565A /* Frameworks */,
				168614D72695E20A0036565A /* Resources */,
			);
			buildRules = (
			);
			dependencies = (
				168614DB2695E20A0036565A /* PBXTargetDependency */,
			);
			name = JeongSanUITests;
			productName = JeongSanUITests;
			productReference = 168614D92695E20A0036565A /* JeongSanUITests.xctest */;
			productType = "com.apple.product-type.bundle.ui-testing";
		};
/* End PBXNativeTarget section */

/* Begin PBXProject section */
		168614B02695E2080036565A /* Project object */ = {
			isa = PBXProject;
			attributes = {
				LastSwiftUpdateCheck = 1250;
				LastUpgradeCheck = 1250;
				TargetAttributes = {
					168614B72695E2080036565A = {
						CreatedOnToolsVersion = 12.5.1;
					};
					168614CD2695E20A0036565A = {
						CreatedOnToolsVersion = 12.5.1;
						TestTargetID = 168614B72695E2080036565A;
					};
					168614D82695E20A0036565A = {
						CreatedOnToolsVersion = 12.5.1;
						TestTargetID = 168614B72695E2080036565A;
					};
				};
			};
			buildConfigurationList = 168614B32695E2080036565A /* Build configuration list for PBXProject "JeongSan" */;
			compatibilityVersion = "Xcode 9.3";
			developmentRegion = en;
			hasScannedForEncodings = 0;
			knownRegions = (
				en,
				Base,
			);
			mainGroup = 168614AF2695E2080036565A;
			productRefGroup = 168614B92695E2080036565A /* Products */;
			projectDirPath = "";
			projectRoot = "";
			targets = (
				168614B72695E2080036565A /* JeongSan */,
				168614CD2695E20A0036565A /* JeongSanTests */,
				168614D82695E20A0036565A /* JeongSanUITests */,
			);
		};
/* End PBXProject section */

/* Begin PBXResourcesBuildPhase section */
		168614B62695E2080036565A /* Resources */ = {
			isa = PBXResourcesBuildPhase;
			buildActionMask = 2147483647;
			files = (
				168614C82695E20A0036565A /* LaunchScreen.storyboard in Resources */,
				168614C52695E20A0036565A /* Assets.xcassets in Resources */,
				168614C32695E2080036565A /* Main.storyboard in Resources */,
			);
			runOnlyForDeploymentPostprocessing = 0;
		};
		168614CC2695E20A0036565A /* Resources */ = {
			isa = PBXResourcesBuildPhase;
			buildActionMask = 2147483647;
			files = (
			);
			runOnlyForDeploymentPostprocessing = 0;
		};
		168614D72695E20A0036565A /* Resources */ = {
			isa = PBXResourcesBuildPhase;
			buildActionMask = 2147483647;
			files = (
			);
			runOnlyForDeploymentPostprocessing = 0;
		};
/* End PBXResourcesBuildPhase section */

/* Begin PBXSourcesBuildPhase section */
		168614B42695E2080036565A /* Sources */ = {
			isa = PBXSourcesBuildPhase;
			buildActionMask = 2147483647;
			files = (
				168614C02695E2080036565A /* ViewController.swift in Sources */,
				168614BC2695E2080036565A /* AppDelegate.swift in Sources */,
				168614BE2695E2080036565A /* SceneDelegate.swift in Sources */,
			);
			runOnlyForDeploymentPostprocessing = 0;
		};
		168614CA2695E20A0036565A /* Sources */ = {
			isa = PBXSourcesBuildPhase;
			buildActionMask = 2147483647;
			files = (
				168614D32695E20A0036565A /* JeongSanTests.swift in Sources */,
			);
			runOnlyForDeploymentPostprocessing = 0;
		};
		168614D52695E20A0036565A /* Sources */ = {
			isa = PBXSourcesBuildPhase;
			buildActionMask = 2147483647;
			files = (
				168614DE2695E20A0036565A /* JeongSanUITests.swift in Sources */,
			);
			runOnlyForDeploymentPostprocessing = 0;
		};
/* End PBXSourcesBuildPhase section */

/* Begin PBXTargetDependency section */
		168614D02695E20A0036565A /* PBXTargetDependency */ = {
			isa = PBXTargetDependency;
			target = 168614B72695E2080036565A /* JeongSan */;
			targetProxy = 168614CF2695E20A0036565A /* PBXContainerItemProxy */;
		};
		168614DB2695E20A0036565A /* PBXTargetDependency */ = {
			isa = PBXTargetDependency;
			target = 168614B72695E2080036565A /* JeongSan */;
			targetProxy = 168614DA2695E20A0036565A /* PBXContainerItemProxy */;
		};
/* End PBXTargetDependency section */

/* Begin PBXVariantGroup section */
		168614C12695E2080036565A /* Main.storyboard */ = {
			isa = PBXVariantGroup;
			children = (
				168614C22695E2080036565A /* Base */,
			);
			name = Main.storyboard;
			sourceTree = "<group>";
		};
		168614C62695E20A0036565A /* LaunchScreen.storyboard */ = {
			isa = PBXVariantGroup;
			children = (
				168614C72695E20A0036565A /* Base */,
			);
			name = LaunchScreen.storyboard;
			sourceTree = "<group>";
		};
/* End PBXVariantGroup section */

/* Begin XCBuildConfiguration section */
		168614E02695E20A0036565A /* Debug */ = {
			isa = XCBuildConfiguration;
			buildSettings = {
				ALWAYS_SEARCH_USER_PATHS = NO;
				CLANG_ANALYZER_NONNULL = YES;
				CLANG_ANALYZER_NUMBER_OBJECT_CONVERSION = YES_AGGRESSIVE;
				CLANG_CXX_LANGUAGE_STANDARD = "gnu++14";
				CLANG_CXX_LIBRARY = "libc++";
				CLANG_ENABLE_MODULES = YES;
				CLANG_ENABLE_OBJC_ARC = YES;
				CLANG_ENABLE_OBJC_WEAK = YES;
				CLANG_WARN_BLOCK_CAPTURE_AUTORELEASING = YES;
				CLANG_WARN_BOOL_CONVERSION = YES;
				CLANG_WARN_COMMA = YES;
				CLANG_WARN_CONSTANT_CONVERSION = YES;
				CLANG_WARN_DEPRECATED_OBJC_IMPLEMENTATIONS = YES;
				CLANG_WARN_DIRECT_OBJC_ISA_USAGE = YES_ERROR;
				CLANG_WARN_DOCUMENTATION_COMMENTS = YES;
				CLANG_WARN_EMPTY_BODY = YES;
				CLANG_WARN_ENUM_CONVERSION = YES;
				CLANG_WARN_INFINITE_RECURSION = YES;
				CLANG_WARN_INT_CONVERSION = YES;
				CLANG_WARN_NON_LITERAL_NULL_CONVERSION = YES;
				CLANG_WARN_OBJC_IMPLICIT_RETAIN_SELF = YES;
				CLANG_WARN_OBJC_LITERAL_CONVERSION = YES;
				CLANG_WARN_OBJC_ROOT_CLASS = YES_ERROR;
				CLANG_WARN_QUOTED_INCLUDE_IN_FRAMEWORK_HEADER = YES;
				CLANG_WARN_RANGE_LOOP_ANALYSIS = YES;
				CLANG_WARN_STRICT_PROTOTYPES = YES;
				CLANG_WARN_SUSPICIOUS_MOVE = YES;
				CLANG_WARN_UNGUARDED_AVAILABILITY = YES_AGGRESSIVE;
				CLANG_WARN_UNREACHABLE_CODE = YES;
				CLANG_WARN__DUPLICATE_METHOD_MATCH = YES;
				COPY_PHASE_STRIP = NO;
				DEBUG_INFORMATION_FORMAT = dwarf;
				ENABLE_STRICT_OBJC_MSGSEND = YES;
				ENABLE_TESTABILITY = YES;
				GCC_C_LANGUAGE_STANDARD = gnu11;
				GCC_DYNAMIC_NO_PIC = NO;
				GCC_NO_COMMON_BLOCKS = YES;
				GCC_OPTIMIZATION_LEVEL = 0;
				GCC_PREPROCESSOR_DEFINITIONS = (
					"DEBUG=1",
					"$(inherited)",
				);
				GCC_WARN_64_TO_32_BIT_CONVERSION = YES;
				GCC_WARN_ABOUT_RETURN_TYPE = YES_ERROR;
				GCC_WARN_UNDECLARED_SELECTOR = YES;
				GCC_WARN_UNINITIALIZED_AUTOS = YES_AGGRESSIVE;
				GCC_WARN_UNUSED_FUNCTION = YES;
				GCC_WARN_UNUSED_VARIABLE = YES;
				IPHONEOS_DEPLOYMENT_TARGET = 14.5;
				MTL_ENABLE_DEBUG_INFO = INCLUDE_SOURCE;
				MTL_FAST_MATH = YES;
				ONLY_ACTIVE_ARCH = YES;
				SDKROOT = iphoneos;
				SWIFT_ACTIVE_COMPILATION_CONDITIONS = DEBUG;
				SWIFT_OPTIMIZATION_LEVEL = "-Onone";
			};
			name = Debug;
		};
		168614E12695E20A0036565A /* Release */ = {
			isa = XCBuildConfiguration;
			buildSettings = {
				ALWAYS_SEARCH_USER_PATHS = NO;
				CLANG_ANALYZER_NONNULL = YES;
				CLANG_ANALYZER_NUMBER_OBJECT_CONVERSION = YES_AGGRESSIVE;
				CLANG_CXX_LANGUAGE_STANDARD = "gnu++14";
				CLANG_CXX_LIBRARY = "libc++";
				CLANG_ENABLE_MODULES = YES;
				CLANG_ENABLE_OBJC_ARC = YES;
				CLANG_ENABLE_OBJC_WEAK = YES;
				CLANG_WARN_BLOCK_CAPTURE_AUTORELEASING = YES;
				CLANG_WARN_BOOL_CONVERSION = YES;
				CLANG_WARN_COMMA = YES;
				CLANG_WARN_CONSTANT_CONVERSION = YES;
				CLANG_WARN_DEPRECATED_OBJC_IMPLEMENTATIONS = YES;
				CLANG_WARN_DIRECT_OBJC_ISA_USAGE = YES_ERROR;
				CLANG_WARN_DOCUMENTATION_COMMENTS = YES;
				CLANG_WARN_EMPTY_BODY = YES;
				CLANG_WARN_ENUM_CONVERSION = YES;
				CLANG_WARN_INFINITE_RECURSION = YES;
				CLANG_WARN_INT_CONVERSION = YES;
				CLANG_WARN_NON_LITERAL_NULL_CONVERSION = YES;
				CLANG_WARN_OBJC_IMPLICIT_RETAIN_SELF = YES;
				CLANG_WARN_OBJC_LITERAL_CONVERSION = YES;
				CLANG_WARN_OBJC_ROOT_CLASS = YES_ERROR;
				CLANG_WARN_QUOTED_INCLUDE_IN_FRAMEWORK_HEADER = YES;
				CLANG_WARN_RANGE_LOOP_ANALYSIS = YES;
				CLANG_WARN_STRICT_PROTOTYPES = YES;
				CLANG_WARN_SUSPICIOUS_MOVE = YES;
				CLANG_WARN_UNGUARDED_AVAILABILITY = YES_AGGRESSIVE;
				CLANG_WARN_UNREACHABLE_CODE = YES;
				CLANG_WARN__DUPLICATE_METHOD_MATCH = YES;
				COPY_PHASE_STRIP = NO;
				DEBUG_INFORMATION_FORMAT = "dwarf-with-dsym";
				ENABLE_NS_ASSERTIONS = NO;
				ENABLE_STRICT_OBJC_MSGSEND = YES;
				GCC_C_LANGUAGE_STANDARD = gnu11;
				GCC_NO_COMMON_BLOCKS = YES;
				GCC_WARN_64_TO_32_BIT_CONVERSION = YES;
				GCC_WARN_ABOUT_RETURN_TYPE = YES_ERROR;
				GCC_WARN_UNDECLARED_SELECTOR = YES;
				GCC_WARN_UNINITIALIZED_AUTOS = YES_AGGRESSIVE;
				GCC_WARN_UNUSED_FUNCTION = YES;
				GCC_WARN_UNUSED_VARIABLE = YES;
				IPHONEOS_DEPLOYMENT_TARGET = 14.5;
				MTL_ENABLE_DEBUG_INFO = NO;
				MTL_FAST_MATH = YES;
				SDKROOT = iphoneos;
				SWIFT_COMPILATION_MODE = wholemodule;
				SWIFT_OPTIMIZATION_LEVEL = "-O";
				VALIDATE_PRODUCT = YES;
			};
			name = Release;
		};
		168614E32695E20A0036565A /* Debug */ = {
			isa = XCBuildConfiguration;
			buildSettings = {
				ASSETCATALOG_COMPILER_APPICON_NAME = AppIcon;
				ASSETCATALOG_COMPILER_GLOBAL_ACCENT_COLOR_NAME = AccentColor;
				CODE_SIGN_STYLE = Automatic;
				DEVELOPMENT_TEAM = 74R6HWJ839;
				INFOPLIST_FILE = JeongSan/Info.plist;
				LD_RUNPATH_SEARCH_PATHS = (
					"$(inherited)",
					"@executable_path/Frameworks",
				);
				PRODUCT_BUNDLE_IDENTIFIER = com.yoosoony.JeongSan;
				PRODUCT_NAME = "$(TARGET_NAME)";
				SWIFT_VERSION = 5.0;
				TARGETED_DEVICE_FAMILY = "1,2";
			};
			name = Debug;
		};
		168614E42695E20A0036565A /* Release */ = {
			isa = XCBuildConfiguration;
			buildSettings = {
				ASSETCATALOG_COMPILER_APPICON_NAME = AppIcon;
				ASSETCATALOG_COMPILER_GLOBAL_ACCENT_COLOR_NAME = AccentColor;
				CODE_SIGN_STYLE = Automatic;
				DEVELOPMENT_TEAM = 74R6HWJ839;
				INFOPLIST_FILE = JeongSan/Info.plist;
				LD_RUNPATH_SEARCH_PATHS = (
					"$(inherited)",
					"@executable_path/Frameworks",
				);
				PRODUCT_BUNDLE_IDENTIFIER = com.yoosoony.JeongSan;
				PRODUCT_NAME = "$(TARGET_NAME)";
				SWIFT_VERSION = 5.0;
				TARGETED_DEVICE_FAMILY = "1,2";
			};
			name = Release;
		};
		168614E62695E20A0036565A /* Debug */ = {
			isa = XCBuildConfiguration;
			buildSettings = {
				ALWAYS_EMBED_SWIFT_STANDARD_LIBRARIES = YES;
				BUNDLE_LOADER = "$(TEST_HOST)";
				CODE_SIGN_STYLE = Automatic;
				DEVELOPMENT_TEAM = 74R6HWJ839;
				INFOPLIST_FILE = JeongSanTests/Info.plist;
				IPHONEOS_DEPLOYMENT_TARGET = 14.5;
				LD_RUNPATH_SEARCH_PATHS = (
					"$(inherited)",
					"@executable_path/Frameworks",
					"@loader_path/Frameworks",
				);
				PRODUCT_BUNDLE_IDENTIFIER = com.yoosoony.JeongSanTests;
				PRODUCT_NAME = "$(TARGET_NAME)";
				SWIFT_VERSION = 5.0;
				TARGETED_DEVICE_FAMILY = "1,2";
				TEST_HOST = "$(BUILT_PRODUCTS_DIR)/JeongSan.app/JeongSan";
			};
			name = Debug;
		};
		168614E72695E20A0036565A /* Release */ = {
			isa = XCBuildConfiguration;
			buildSettings = {
				ALWAYS_EMBED_SWIFT_STANDARD_LIBRARIES = YES;
				BUNDLE_LOADER = "$(TEST_HOST)";
				CODE_SIGN_STYLE = Automatic;
				DEVELOPMENT_TEAM = 74R6HWJ839;
				INFOPLIST_FILE = JeongSanTests/Info.plist;
				IPHONEOS_DEPLOYMENT_TARGET = 14.5;
				LD_RUNPATH_SEARCH_PATHS = (
					"$(inherited)",
					"@executable_path/Frameworks",
					"@loader_path/Frameworks",
				);
				PRODUCT_BUNDLE_IDENTIFIER = com.yoosoony.JeongSanTests;
				PRODUCT_NAME = "$(TARGET_NAME)";
				SWIFT_VERSION = 5.0;
				TARGETED_DEVICE_FAMILY = "1,2";
				TEST_HOST = "$(BUILT_PRODUCTS_DIR)/JeongSan.app/JeongSan";
			};
			name = Release;
		};
		168614E92695E20A0036565A /* Debug */ = {
			isa = XCBuildConfiguration;
			buildSettings = {
				ALWAYS_EMBED_SWIFT_STANDARD_LIBRARIES = YES;
				CODE_SIGN_STYLE = Automatic;
				DEVELOPMENT_TEAM = 74R6HWJ839;
				INFOPLIST_FILE = JeongSanUITests/Info.plist;
				LD_RUNPATH_SEARCH_PATHS = (
					"$(inherited)",
					"@executable_path/Frameworks",
					"@loader_path/Frameworks",
				);
				PRODUCT_BUNDLE_IDENTIFIER = com.yoosoony.JeongSanUITests;
				PRODUCT_NAME = "$(TARGET_NAME)";
				SWIFT_VERSION = 5.0;
				TARGETED_DEVICE_FAMILY = "1,2";
				TEST_TARGET_NAME = JeongSan;
			};
			name = Debug;
		};
		168614EA2695E20A0036565A /* Release */ = {
			isa = XCBuildConfiguration;
			buildSettings = {
				ALWAYS_EMBED_SWIFT_STANDARD_LIBRARIES = YES;
				CODE_SIGN_STYLE = Automatic;
				DEVELOPMENT_TEAM = 74R6HWJ839;
				INFOPLIST_FILE = JeongSanUITests/Info.plist;
				LD_RUNPATH_SEARCH_PATHS = (
					"$(inherited)",
					"@executable_path/Frameworks",
					"@loader_path/Frameworks",
				);
				PRODUCT_BUNDLE_IDENTIFIER = com.yoosoony.JeongSanUITests;
				PRODUCT_NAME = "$(TARGET_NAME)";
				SWIFT_VERSION = 5.0;
				TARGETED_DEVICE_FAMILY = "1,2";
				TEST_TARGET_NAME = JeongSan;
			};
			name = Release;
		};
/* End XCBuildConfiguration section */

/* Begin XCConfigurationList section */
		168614B32695E2080036565A /* Build configuration list for PBXProject "JeongSan" */ = {
			isa = XCConfigurationList;
			buildConfigurations = (
				168614E02695E20A0036565A /* Debug */,
				168614E12695E20A0036565A /* Release */,
			);
			defaultConfigurationIsVisible = 0;
			defaultConfigurationName = Release;
		};
		168614E22695E20A0036565A /* Build configuration list for PBXNativeTarget "JeongSan" */ = {
			isa = XCConfigurationList;
			buildConfigurations = (
				168614E32695E20A0036565A /* Debug */,
				168614E42695E20A0036565A /* Release */,
			);
			defaultConfigurationIsVisible = 0;
			defaultConfigurationName = Release;
		};
		168614E52695E20A0036565A /* Build configuration list for PBXNativeTarget "JeongSanTests" */ = {
			isa = XCConfigurationList;
			buildConfigurations = (
				168614E62695E20A0036565A /* Debug */,
				168614E72695E20A0036565A /* Release */,
			);
			defaultConfigurationIsVisible = 0;
			defaultConfigurationName = Release;
		};
		168614E82695E20A0036565A /* Build configuration list for PBXNativeTarget "JeongSanUITests" */ = {
			isa = XCConfigurationList;
			buildConfigurations = (
				168614E92695E20A0036565A /* Debug */,
				168614EA2695E20A0036565A /* Release */,
			);
			defaultConfigurationIsVisible = 0;
			defaultConfigurationName = Release;
		};
/* End XCConfigurationList section */
	};
	rootObject = 168614B02695E2080036565A /* Project object */;
}
