// !$*UTF8*$!
{
	archiveVersion = 1;
	classes = {
	};
	objectVersion = 50;
	objects = {

/* Begin PBXBuildFile section */
		1688316F2684C02500A0B8FE /* AppDelegate.swift in Sources */ = {isa = PBXBuildFile; fileRef = 1688316E2684C02500A0B8FE /* AppDelegate.swift */; };
		168831712684C02500A0B8FE /* SceneDelegate.swift in Sources */ = {isa = PBXBuildFile; fileRef = 168831702684C02500A0B8FE /* SceneDelegate.swift */; };
		168831732684C02500A0B8FE /* ViewController.swift in Sources */ = {isa = PBXBuildFile; fileRef = 168831722684C02500A0B8FE /* ViewController.swift */; };
		168831762684C02500A0B8FE /* Main.storyboard in Resources */ = {isa = PBXBuildFile; fileRef = 168831742684C02500A0B8FE /* Main.storyboard */; };
		168831782684C02800A0B8FE /* Assets.xcassets in Resources */ = {isa = PBXBuildFile; fileRef = 168831772684C02800A0B8FE /* Assets.xcassets */; };
		1688317B2684C02800A0B8FE /* LaunchScreen.storyboard in Resources */ = {isa = PBXBuildFile; fileRef = 168831792684C02800A0B8FE /* LaunchScreen.storyboard */; };
		168831862684C02900A0B8FE /* project_GHTests.swift in Sources */ = {isa = PBXBuildFile; fileRef = 168831852684C02900A0B8FE /* project_GHTests.swift */; };
		168831912684C02900A0B8FE /* project_GHUITests.swift in Sources */ = {isa = PBXBuildFile; fileRef = 168831902684C02900A0B8FE /* project_GHUITests.swift */; };
/* End PBXBuildFile section */

/* Begin PBXContainerItemProxy section */
		168831822684C02900A0B8FE /* PBXContainerItemProxy */ = {
			isa = PBXContainerItemProxy;
			containerPortal = 168831632684C02500A0B8FE /* Project object */;
			proxyType = 1;
			remoteGlobalIDString = 1688316A2684C02500A0B8FE;
			remoteInfo = project_GH;
		};
		1688318D2684C02900A0B8FE /* PBXContainerItemProxy */ = {
			isa = PBXContainerItemProxy;
			containerPortal = 168831632684C02500A0B8FE /* Project object */;
			proxyType = 1;
			remoteGlobalIDString = 1688316A2684C02500A0B8FE;
			remoteInfo = project_GH;
		};
/* End PBXContainerItemProxy section */

/* Begin PBXFileReference section */
		1688316B2684C02500A0B8FE /* project_GH.app */ = {isa = PBXFileReference; explicitFileType = wrapper.application; includeInIndex = 0; path = project_GH.app; sourceTree = BUILT_PRODUCTS_DIR; };
		1688316E2684C02500A0B8FE /* AppDelegate.swift */ = {isa = PBXFileReference; lastKnownFileType = sourcecode.swift; path = AppDelegate.swift; sourceTree = "<group>"; };
		168831702684C02500A0B8FE /* SceneDelegate.swift */ = {isa = PBXFileReference; lastKnownFileType = sourcecode.swift; path = SceneDelegate.swift; sourceTree = "<group>"; };
		168831722684C02500A0B8FE /* ViewController.swift */ = {isa = PBXFileReference; lastKnownFileType = sourcecode.swift; path = ViewController.swift; sourceTree = "<group>"; };
		168831752684C02500A0B8FE /* Base */ = {isa = PBXFileReference; lastKnownFileType = file.storyboard; name = Base; path = Base.lproj/Main.storyboard; sourceTree = "<group>"; };
		168831772684C02800A0B8FE /* Assets.xcassets */ = {isa = PBXFileReference; lastKnownFileType = folder.assetcatalog; path = Assets.xcassets; sourceTree = "<group>"; };
		1688317A2684C02800A0B8FE /* Base */ = {isa = PBXFileReference; lastKnownFileType = file.storyboard; name = Base; path = Base.lproj/LaunchScreen.storyboard; sourceTree = "<group>"; };
		1688317C2684C02800A0B8FE /* Info.plist */ = {isa = PBXFileReference; lastKnownFileType = text.plist.xml; path = Info.plist; sourceTree = "<group>"; };
		168831812684C02900A0B8FE /* project_GHTests.xctest */ = {isa = PBXFileReference; explicitFileType = wrapper.cfbundle; includeInIndex = 0; path = project_GHTests.xctest; sourceTree = BUILT_PRODUCTS_DIR; };
		168831852684C02900A0B8FE /* project_GHTests.swift */ = {isa = PBXFileReference; lastKnownFileType = sourcecode.swift; path = project_GHTests.swift; sourceTree = "<group>"; };
		168831872684C02900A0B8FE /* Info.plist */ = {isa = PBXFileReference; lastKnownFileType = text.plist.xml; path = Info.plist; sourceTree = "<group>"; };
		1688318C2684C02900A0B8FE /* project_GHUITests.xctest */ = {isa = PBXFileReference; explicitFileType = wrapper.cfbundle; includeInIndex = 0; path = project_GHUITests.xctest; sourceTree = BUILT_PRODUCTS_DIR; };
		168831902684C02900A0B8FE /* project_GHUITests.swift */ = {isa = PBXFileReference; lastKnownFileType = sourcecode.swift; path = project_GHUITests.swift; sourceTree = "<group>"; };
		168831922684C02900A0B8FE /* Info.plist */ = {isa = PBXFileReference; lastKnownFileType = text.plist.xml; path = Info.plist; sourceTree = "<group>"; };
/* End PBXFileReference section */

/* Begin PBXFrameworksBuildPhase section */
		168831682684C02500A0B8FE /* Frameworks */ = {
			isa = PBXFrameworksBuildPhase;
			buildActionMask = 2147483647;
			files = (
			);
			runOnlyForDeploymentPostprocessing = 0;
		};
		1688317E2684C02900A0B8FE /* Frameworks */ = {
			isa = PBXFrameworksBuildPhase;
			buildActionMask = 2147483647;
			files = (
			);
			runOnlyForDeploymentPostprocessing = 0;
		};
		168831892684C02900A0B8FE /* Frameworks */ = {
			isa = PBXFrameworksBuildPhase;
			buildActionMask = 2147483647;
			files = (
			);
			runOnlyForDeploymentPostprocessing = 0;
		};
/* End PBXFrameworksBuildPhase section */

/* Begin PBXGroup section */
		168831622684C02500A0B8FE = {
			isa = PBXGroup;
			children = (
				1688316D2684C02500A0B8FE /* project_GH */,
				168831842684C02900A0B8FE /* project_GHTests */,
				1688318F2684C02900A0B8FE /* project_GHUITests */,
				1688316C2684C02500A0B8FE /* Products */,
			);
			sourceTree = "<group>";
		};
		1688316C2684C02500A0B8FE /* Products */ = {
			isa = PBXGroup;
			children = (
				1688316B2684C02500A0B8FE /* project_GH.app */,
				168831812684C02900A0B8FE /* project_GHTests.xctest */,
				1688318C2684C02900A0B8FE /* project_GHUITests.xctest */,
			);
			name = Products;
			sourceTree = "<group>";
		};
		1688316D2684C02500A0B8FE /* project_GH */ = {
			isa = PBXGroup;
			children = (
				1688316E2684C02500A0B8FE /* AppDelegate.swift */,
				168831702684C02500A0B8FE /* SceneDelegate.swift */,
				168831722684C02500A0B8FE /* ViewController.swift */,
				168831742684C02500A0B8FE /* Main.storyboard */,
				168831772684C02800A0B8FE /* Assets.xcassets */,
				168831792684C02800A0B8FE /* LaunchScreen.storyboard */,
				1688317C2684C02800A0B8FE /* Info.plist */,
			);
			path = project_GH;
			sourceTree = "<group>";
		};
		168831842684C02900A0B8FE /* project_GHTests */ = {
			isa = PBXGroup;
			children = (
				168831852684C02900A0B8FE /* project_GHTests.swift */,
				168831872684C02900A0B8FE /* Info.plist */,
			);
			path = project_GHTests;
			sourceTree = "<group>";
		};
		1688318F2684C02900A0B8FE /* project_GHUITests */ = {
			isa = PBXGroup;
			children = (
				168831902684C02900A0B8FE /* project_GHUITests.swift */,
				168831922684C02900A0B8FE /* Info.plist */,
			);
			path = project_GHUITests;
			sourceTree = "<group>";
		};
/* End PBXGroup section */

/* Begin PBXNativeTarget section */
		1688316A2684C02500A0B8FE /* project_GH */ = {
			isa = PBXNativeTarget;
			buildConfigurationList = 168831952684C02900A0B8FE /* Build configuration list for PBXNativeTarget "project_GH" */;
			buildPhases = (
				168831672684C02500A0B8FE /* Sources */,
				168831682684C02500A0B8FE /* Frameworks */,
				168831692684C02500A0B8FE /* Resources */,
			);
			buildRules = (
			);
			dependencies = (
			);
			name = project_GH;
			productName = project_GH;
			productReference = 1688316B2684C02500A0B8FE /* project_GH.app */;
			productType = "com.apple.product-type.application";
		};
		168831802684C02900A0B8FE /* project_GHTests */ = {
			isa = PBXNativeTarget;
			buildConfigurationList = 168831982684C02900A0B8FE /* Build configuration list for PBXNativeTarget "project_GHTests" */;
			buildPhases = (
				1688317D2684C02900A0B8FE /* Sources */,
				1688317E2684C02900A0B8FE /* Frameworks */,
				1688317F2684C02900A0B8FE /* Resources */,
			);
			buildRules = (
			);
			dependencies = (
				168831832684C02900A0B8FE /* PBXTargetDependency */,
			);
			name = project_GHTests;
			productName = project_GHTests;
			productReference = 168831812684C02900A0B8FE /* project_GHTests.xctest */;
			productType = "com.apple.product-type.bundle.unit-test";
		};
		1688318B2684C02900A0B8FE /* project_GHUITests */ = {
			isa = PBXNativeTarget;
			buildConfigurationList = 1688319B2684C02900A0B8FE /* Build configuration list for PBXNativeTarget "project_GHUITests" */;
			buildPhases = (
				168831882684C02900A0B8FE /* Sources */,
				168831892684C02900A0B8FE /* Frameworks */,
				1688318A2684C02900A0B8FE /* Resources */,
			);
			buildRules = (
			);
			dependencies = (
				1688318E2684C02900A0B8FE /* PBXTargetDependency */,
			);
			name = project_GHUITests;
			productName = project_GHUITests;
			productReference = 1688318C2684C02900A0B8FE /* project_GHUITests.xctest */;
			productType = "com.apple.product-type.bundle.ui-testing";
		};
/* End PBXNativeTarget section */

/* Begin PBXProject section */
		168831632684C02500A0B8FE /* Project object */ = {
			isa = PBXProject;
			attributes = {
				LastSwiftUpdateCheck = 1250;
				LastUpgradeCheck = 1250;
				TargetAttributes = {
					1688316A2684C02500A0B8FE = {
						CreatedOnToolsVersion = 12.5.1;
					};
					168831802684C02900A0B8FE = {
						CreatedOnToolsVersion = 12.5.1;
						TestTargetID = 1688316A2684C02500A0B8FE;
					};
					1688318B2684C02900A0B8FE = {
						CreatedOnToolsVersion = 12.5.1;
						TestTargetID = 1688316A2684C02500A0B8FE;
					};
				};
			};
			buildConfigurationList = 168831662684C02500A0B8FE /* Build configuration list for PBXProject "project_GH" */;
			compatibilityVersion = "Xcode 9.3";
			developmentRegion = en;
			hasScannedForEncodings = 0;
			knownRegions = (
				en,
				Base,
			);
			mainGroup = 168831622684C02500A0B8FE;
			productRefGroup = 1688316C2684C02500A0B8FE /* Products */;
			projectDirPath = "";
			projectRoot = "";
			targets = (
				1688316A2684C02500A0B8FE /* project_GH */,
				168831802684C02900A0B8FE /* project_GHTests */,
				1688318B2684C02900A0B8FE /* project_GHUITests */,
			);
		};
/* End PBXProject section */

/* Begin PBXResourcesBuildPhase section */
		168831692684C02500A0B8FE /* Resources */ = {
			isa = PBXResourcesBuildPhase;
			buildActionMask = 2147483647;
			files = (
				1688317B2684C02800A0B8FE /* LaunchScreen.storyboard in Resources */,
				168831782684C02800A0B8FE /* Assets.xcassets in Resources */,
				168831762684C02500A0B8FE /* Main.storyboard in Resources */,
			);
			runOnlyForDeploymentPostprocessing = 0;
		};
		1688317F2684C02900A0B8FE /* Resources */ = {
			isa = PBXResourcesBuildPhase;
			buildActionMask = 2147483647;
			files = (
			);
			runOnlyForDeploymentPostprocessing = 0;
		};
		1688318A2684C02900A0B8FE /* Resources */ = {
			isa = PBXResourcesBuildPhase;
			buildActionMask = 2147483647;
			files = (
			);
			runOnlyForDeploymentPostprocessing = 0;
		};
/* End PBXResourcesBuildPhase section */

/* Begin PBXSourcesBuildPhase section */
		168831672684C02500A0B8FE /* Sources */ = {
			isa = PBXSourcesBuildPhase;
			buildActionMask = 2147483647;
			files = (
				168831732684C02500A0B8FE /* ViewController.swift in Sources */,
				1688316F2684C02500A0B8FE /* AppDelegate.swift in Sources */,
				168831712684C02500A0B8FE /* SceneDelegate.swift in Sources */,
			);
			runOnlyForDeploymentPostprocessing = 0;
		};
		1688317D2684C02900A0B8FE /* Sources */ = {
			isa = PBXSourcesBuildPhase;
			buildActionMask = 2147483647;
			files = (
				168831862684C02900A0B8FE /* project_GHTests.swift in Sources */,
			);
			runOnlyForDeploymentPostprocessing = 0;
		};
		168831882684C02900A0B8FE /* Sources */ = {
			isa = PBXSourcesBuildPhase;
			buildActionMask = 2147483647;
			files = (
				168831912684C02900A0B8FE /* project_GHUITests.swift in Sources */,
			);
			runOnlyForDeploymentPostprocessing = 0;
		};
/* End PBXSourcesBuildPhase section */

/* Begin PBXTargetDependency section */
		168831832684C02900A0B8FE /* PBXTargetDependency */ = {
			isa = PBXTargetDependency;
			target = 1688316A2684C02500A0B8FE /* project_GH */;
			targetProxy = 168831822684C02900A0B8FE /* PBXContainerItemProxy */;
		};
		1688318E2684C02900A0B8FE /* PBXTargetDependency */ = {
			isa = PBXTargetDependency;
			target = 1688316A2684C02500A0B8FE /* project_GH */;
			targetProxy = 1688318D2684C02900A0B8FE /* PBXContainerItemProxy */;
		};
/* End PBXTargetDependency section */

/* Begin PBXVariantGroup section */
		168831742684C02500A0B8FE /* Main.storyboard */ = {
			isa = PBXVariantGroup;
			children = (
				168831752684C02500A0B8FE /* Base */,
			);
			name = Main.storyboard;
			sourceTree = "<group>";
		};
		168831792684C02800A0B8FE /* LaunchScreen.storyboard */ = {
			isa = PBXVariantGroup;
			children = (
				1688317A2684C02800A0B8FE /* Base */,
			);
			name = LaunchScreen.storyboard;
			sourceTree = "<group>";
		};
/* End PBXVariantGroup section */

/* Begin XCBuildConfiguration section */
		168831932684C02900A0B8FE /* Debug */ = {
			isa = XCBuildConfiguration;
			buildSettings = {
				ALWAYS_SEARCH_USER_PATHS = NO;
				CLANG_ANALYZER_NONNULL = YES;
				CLANG_ANALYZER_NUMBER_OBJECT_CONVERSION = YES_AGGRESSIVE;
				CLANG_CXX_LANGUAGE_STANDARD = "gnu++14";
				CLANG_CXX_LIBRARY = "libc++";
				CLANG_ENABLE_MODULES = YES;
				CLANG_ENABLE_OBJC_ARC = YES;
				CLANG_ENABLE_OBJC_WEAK = YES;
				CLANG_WARN_BLOCK_CAPTURE_AUTORELEASING = YES;
				CLANG_WARN_BOOL_CONVERSION = YES;
				CLANG_WARN_COMMA = YES;
				CLANG_WARN_CONSTANT_CONVERSION = YES;
				CLANG_WARN_DEPRECATED_OBJC_IMPLEMENTATIONS = YES;
				CLANG_WARN_DIRECT_OBJC_ISA_USAGE = YES_ERROR;
				CLANG_WARN_DOCUMENTATION_COMMENTS = YES;
				CLANG_WARN_EMPTY_BODY = YES;
				CLANG_WARN_ENUM_CONVERSION = YES;
				CLANG_WARN_INFINITE_RECURSION = YES;
				CLANG_WARN_INT_CONVERSION = YES;
				CLANG_WARN_NON_LITERAL_NULL_CONVERSION = YES;
				CLANG_WARN_OBJC_IMPLICIT_RETAIN_SELF = YES;
				CLANG_WARN_OBJC_LITERAL_CONVERSION = YES;
				CLANG_WARN_OBJC_ROOT_CLASS = YES_ERROR;
				CLANG_WARN_QUOTED_INCLUDE_IN_FRAMEWORK_HEADER = YES;
				CLANG_WARN_RANGE_LOOP_ANALYSIS = YES;
				CLANG_WARN_STRICT_PROTOTYPES = YES;
				CLANG_WARN_SUSPICIOUS_MOVE = YES;
				CLANG_WARN_UNGUARDED_AVAILABILITY = YES_AGGRESSIVE;
				CLANG_WARN_UNREACHABLE_CODE = YES;
				CLANG_WARN__DUPLICATE_METHOD_MATCH = YES;
				COPY_PHASE_STRIP = NO;
				DEBUG_INFORMATION_FORMAT = dwarf;
				ENABLE_STRICT_OBJC_MSGSEND = YES;
				ENABLE_TESTABILITY = YES;
				GCC_C_LANGUAGE_STANDARD = gnu11;
				GCC_DYNAMIC_NO_PIC = NO;
				GCC_NO_COMMON_BLOCKS = YES;
				GCC_OPTIMIZATION_LEVEL = 0;
				GCC_PREPROCESSOR_DEFINITIONS = (
					"DEBUG=1",
					"$(inherited)",
				);
				GCC_WARN_64_TO_32_BIT_CONVERSION = YES;
				GCC_WARN_ABOUT_RETURN_TYPE = YES_ERROR;
				GCC_WARN_UNDECLARED_SELECTOR = YES;
				GCC_WARN_UNINITIALIZED_AUTOS = YES_AGGRESSIVE;
				GCC_WARN_UNUSED_FUNCTION = YES;
				GCC_WARN_UNUSED_VARIABLE = YES;
				IPHONEOS_DEPLOYMENT_TARGET = 14.5;
				MTL_ENABLE_DEBUG_INFO = INCLUDE_SOURCE;
				MTL_FAST_MATH = YES;
				ONLY_ACTIVE_ARCH = YES;
				SDKROOT = iphoneos;
				SWIFT_ACTIVE_COMPILATION_CONDITIONS = DEBUG;
				SWIFT_OPTIMIZATION_LEVEL = "-Onone";
			};
			name = Debug;
		};
		168831942684C02900A0B8FE /* Release */ = {
			isa = XCBuildConfiguration;
			buildSettings = {
				ALWAYS_SEARCH_USER_PATHS = NO;
				CLANG_ANALYZER_NONNULL = YES;
				CLANG_ANALYZER_NUMBER_OBJECT_CONVERSION = YES_AGGRESSIVE;
				CLANG_CXX_LANGUAGE_STANDARD = "gnu++14";
				CLANG_CXX_LIBRARY = "libc++";
				CLANG_ENABLE_MODULES = YES;
				CLANG_ENABLE_OBJC_ARC = YES;
				CLANG_ENABLE_OBJC_WEAK = YES;
				CLANG_WARN_BLOCK_CAPTURE_AUTORELEASING = YES;
				CLANG_WARN_BOOL_CONVERSION = YES;
				CLANG_WARN_COMMA = YES;
				CLANG_WARN_CONSTANT_CONVERSION = YES;
				CLANG_WARN_DEPRECATED_OBJC_IMPLEMENTATIONS = YES;
				CLANG_WARN_DIRECT_OBJC_ISA_USAGE = YES_ERROR;
				CLANG_WARN_DOCUMENTATION_COMMENTS = YES;
				CLANG_WARN_EMPTY_BODY = YES;
				CLANG_WARN_ENUM_CONVERSION = YES;
				CLANG_WARN_INFINITE_RECURSION = YES;
				CLANG_WARN_INT_CONVERSION = YES;
				CLANG_WARN_NON_LITERAL_NULL_CONVERSION = YES;
				CLANG_WARN_OBJC_IMPLICIT_RETAIN_SELF = YES;
				CLANG_WARN_OBJC_LITERAL_CONVERSION = YES;
				CLANG_WARN_OBJC_ROOT_CLASS = YES_ERROR;
				CLANG_WARN_QUOTED_INCLUDE_IN_FRAMEWORK_HEADER = YES;
				CLANG_WARN_RANGE_LOOP_ANALYSIS = YES;
				CLANG_WARN_STRICT_PROTOTYPES = YES;
				CLANG_WARN_SUSPICIOUS_MOVE = YES;
				CLANG_WARN_UNGUARDED_AVAILABILITY = YES_AGGRESSIVE;
				CLANG_WARN_UNREACHABLE_CODE = YES;
				CLANG_WARN__DUPLICATE_METHOD_MATCH = YES;
				COPY_PHASE_STRIP = NO;
				DEBUG_INFORMATION_FORMAT = "dwarf-with-dsym";
				ENABLE_NS_ASSERTIONS = NO;
				ENABLE_STRICT_OBJC_MSGSEND = YES;
				GCC_C_LANGUAGE_STANDARD = gnu11;
				GCC_NO_COMMON_BLOCKS = YES;
				GCC_WARN_64_TO_32_BIT_CONVERSION = YES;
				GCC_WARN_ABOUT_RETURN_TYPE = YES_ERROR;
				GCC_WARN_UNDECLARED_SELECTOR = YES;
				GCC_WARN_UNINITIALIZED_AUTOS = YES_AGGRESSIVE;
				GCC_WARN_UNUSED_FUNCTION = YES;
				GCC_WARN_UNUSED_VARIABLE = YES;
				IPHONEOS_DEPLOYMENT_TARGET = 14.5;
				MTL_ENABLE_DEBUG_INFO = NO;
				MTL_FAST_MATH = YES;
				SDKROOT = iphoneos;
				SWIFT_COMPILATION_MODE = wholemodule;
				SWIFT_OPTIMIZATION_LEVEL = "-O";
				VALIDATE_PRODUCT = YES;
			};
			name = Release;
		};
		168831962684C02900A0B8FE /* Debug */ = {
			isa = XCBuildConfiguration;
			buildSettings = {
				ASSETCATALOG_COMPILER_APPICON_NAME = AppIcon;
				ASSETCATALOG_COMPILER_GLOBAL_ACCENT_COLOR_NAME = AccentColor;
				CODE_SIGN_STYLE = Automatic;
				DEVELOPMENT_TEAM = 74R6HWJ839;
				INFOPLIST_FILE = project_GH/Info.plist;
				LD_RUNPATH_SEARCH_PATHS = (
					"$(inherited)",
					"@executable_path/Frameworks",
				);
				PRODUCT_BUNDLE_IDENTIFIER = "com.yoosoony.project-GH";
				PRODUCT_NAME = "$(TARGET_NAME)";
				SWIFT_VERSION = 5.0;
				TARGETED_DEVICE_FAMILY = "1,2";
			};
			name = Debug;
		};
		168831972684C02900A0B8FE /* Release */ = {
			isa = XCBuildConfiguration;
			buildSettings = {
				ASSETCATALOG_COMPILER_APPICON_NAME = AppIcon;
				ASSETCATALOG_COMPILER_GLOBAL_ACCENT_COLOR_NAME = AccentColor;
				CODE_SIGN_STYLE = Automatic;
				DEVELOPMENT_TEAM = 74R6HWJ839;
				INFOPLIST_FILE = project_GH/Info.plist;
				LD_RUNPATH_SEARCH_PATHS = (
					"$(inherited)",
					"@executable_path/Frameworks",
				);
				PRODUCT_BUNDLE_IDENTIFIER = "com.yoosoony.project-GH";
				PRODUCT_NAME = "$(TARGET_NAME)";
				SWIFT_VERSION = 5.0;
				TARGETED_DEVICE_FAMILY = "1,2";
			};
			name = Release;
		};
		168831992684C02900A0B8FE /* Debug */ = {
			isa = XCBuildConfiguration;
			buildSettings = {
				ALWAYS_EMBED_SWIFT_STANDARD_LIBRARIES = YES;
				BUNDLE_LOADER = "$(TEST_HOST)";
				CODE_SIGN_STYLE = Automatic;
				DEVELOPMENT_TEAM = 74R6HWJ839;
				INFOPLIST_FILE = project_GHTests/Info.plist;
				IPHONEOS_DEPLOYMENT_TARGET = 14.5;
				LD_RUNPATH_SEARCH_PATHS = (
					"$(inherited)",
					"@executable_path/Frameworks",
					"@loader_path/Frameworks",
				);
				PRODUCT_BUNDLE_IDENTIFIER = "com.yoosoony.project-GHTests";
				PRODUCT_NAME = "$(TARGET_NAME)";
				SWIFT_VERSION = 5.0;
				TARGETED_DEVICE_FAMILY = "1,2";
				TEST_HOST = "$(BUILT_PRODUCTS_DIR)/project_GH.app/project_GH";
			};
			name = Debug;
		};
		1688319A2684C02900A0B8FE /* Release */ = {
			isa = XCBuildConfiguration;
			buildSettings = {
				ALWAYS_EMBED_SWIFT_STANDARD_LIBRARIES = YES;
				BUNDLE_LOADER = "$(TEST_HOST)";
				CODE_SIGN_STYLE = Automatic;
				DEVELOPMENT_TEAM = 74R6HWJ839;
				INFOPLIST_FILE = project_GHTests/Info.plist;
				IPHONEOS_DEPLOYMENT_TARGET = 14.5;
				LD_RUNPATH_SEARCH_PATHS = (
					"$(inherited)",
					"@executable_path/Frameworks",
					"@loader_path/Frameworks",
				);
				PRODUCT_BUNDLE_IDENTIFIER = "com.yoosoony.project-GHTests";
				PRODUCT_NAME = "$(TARGET_NAME)";
				SWIFT_VERSION = 5.0;
				TARGETED_DEVICE_FAMILY = "1,2";
				TEST_HOST = "$(BUILT_PRODUCTS_DIR)/project_GH.app/project_GH";
			};
			name = Release;
		};
		1688319C2684C02900A0B8FE /* Debug */ = {
			isa = XCBuildConfiguration;
			buildSettings = {
				ALWAYS_EMBED_SWIFT_STANDARD_LIBRARIES = YES;
				CODE_SIGN_STYLE = Automatic;
				DEVELOPMENT_TEAM = 74R6HWJ839;
				INFOPLIST_FILE = project_GHUITests/Info.plist;
				LD_RUNPATH_SEARCH_PATHS = (
					"$(inherited)",
					"@executable_path/Frameworks",
					"@loader_path/Frameworks",
				);
				PRODUCT_BUNDLE_IDENTIFIER = "com.yoosoony.project-GHUITests";
				PRODUCT_NAME = "$(TARGET_NAME)";
				SWIFT_VERSION = 5.0;
				TARGETED_DEVICE_FAMILY = "1,2";
				TEST_TARGET_NAME = project_GH;
			};
			name = Debug;
		};
		1688319D2684C02900A0B8FE /* Release */ = {
			isa = XCBuildConfiguration;
			buildSettings = {
				ALWAYS_EMBED_SWIFT_STANDARD_LIBRARIES = YES;
				CODE_SIGN_STYLE = Automatic;
				DEVELOPMENT_TEAM = 74R6HWJ839;
				INFOPLIST_FILE = project_GHUITests/Info.plist;
				LD_RUNPATH_SEARCH_PATHS = (
					"$(inherited)",
					"@executable_path/Frameworks",
					"@loader_path/Frameworks",
				);
				PRODUCT_BUNDLE_IDENTIFIER = "com.yoosoony.project-GHUITests";
				PRODUCT_NAME = "$(TARGET_NAME)";
				SWIFT_VERSION = 5.0;
				TARGETED_DEVICE_FAMILY = "1,2";
				TEST_TARGET_NAME = project_GH;
			};
			name = Release;
		};
/* End XCBuildConfiguration section */

/* Begin XCConfigurationList section */
		168831662684C02500A0B8FE /* Build configuration list for PBXProject "project_GH" */ = {
			isa = XCConfigurationList;
			buildConfigurations = (
				168831932684C02900A0B8FE /* Debug */,
				168831942684C02900A0B8FE /* Release */,
			);
			defaultConfigurationIsVisible = 0;
			defaultConfigurationName = Release;
		};
		168831952684C02900A0B8FE /* Build configuration list for PBXNativeTarget "project_GH" */ = {
			isa = XCConfigurationList;
			buildConfigurations = (
				168831962684C02900A0B8FE /* Debug */,
				168831972684C02900A0B8FE /* Release */,
			);
			defaultConfigurationIsVisible = 0;
			defaultConfigurationName = Release;
		};
		168831982684C02900A0B8FE /* Build configuration list for PBXNativeTarget "project_GHTests" */ = {
			isa = XCConfigurationList;
			buildConfigurations = (
				168831992684C02900A0B8FE /* Debug */,
				1688319A2684C02900A0B8FE /* Release */,
			);
			defaultConfigurationIsVisible = 0;
			defaultConfigurationName = Release;
		};
		1688319B2684C02900A0B8FE /* Build configuration list for PBXNativeTarget "project_GHUITests" */ = {
			isa = XCConfigurationList;
			buildConfigurations = (
				1688319C2684C02900A0B8FE /* Debug */,
				1688319D2684C02900A0B8FE /* Release */,
			);
			defaultConfigurationIsVisible = 0;
			defaultConfigurationName = Release;
		};
/* End XCConfigurationList section */
	};
	rootObject = 168831632684C02500A0B8FE /* Project object */;
}
