// !$*UTF8*$!
{
	archiveVersion = 1;
	classes = {
	};
	objectVersion = 50;
	objects = {

/* Begin PBXBuildFile section */
		16649F1426650A74006FB82A /* BountyInfo.swift in Sources */ = {isa = PBXBuildFile; fileRef = 16649F1326650A74006FB82A /* BountyInfo.swift */; };
		1683E38A265E9ED7009A1722 /* AppDelegate.swift in Sources */ = {isa = PBXBuildFile; fileRef = 1683E389265E9ED7009A1722 /* AppDelegate.swift */; };
		1683E38C265E9ED7009A1722 /* SceneDelegate.swift in Sources */ = {isa = PBXBuildFile; fileRef = 1683E38B265E9ED7009A1722 /* SceneDelegate.swift */; };
		1683E391265E9ED7009A1722 /* Main.storyboard in Resources */ = {isa = PBXBuildFile; fileRef = 1683E38F265E9ED7009A1722 /* Main.storyboard */; };
		1683E393265E9ED9009A1722 /* Assets.xcassets in Resources */ = {isa = PBXBuildFile; fileRef = 1683E392265E9ED9009A1722 /* Assets.xcassets */; };
		1683E396265E9ED9009A1722 /* LaunchScreen.storyboard in Resources */ = {isa = PBXBuildFile; fileRef = 1683E394265E9ED9009A1722 /* LaunchScreen.storyboard */; };
		1683E3A1265E9ED9009A1722 /* BountyListTests.swift in Sources */ = {isa = PBXBuildFile; fileRef = 1683E3A0265E9ED9009A1722 /* BountyListTests.swift */; };
		1683E3AC265E9ED9009A1722 /* BountyListUITests.swift in Sources */ = {isa = PBXBuildFile; fileRef = 1683E3AB265E9ED9009A1722 /* BountyListUITests.swift */; };
		1683E3BA265E9FEA009A1722 /* BountyViewController.swift in Sources */ = {isa = PBXBuildFile; fileRef = 1683E3B9265E9FEA009A1722 /* BountyViewController.swift */; };
		16856750266053CA00D873B1 /* DetailViewController.swift in Sources */ = {isa = PBXBuildFile; fileRef = 1685674F266053CA00D873B1 /* DetailViewController.swift */; };
/* End PBXBuildFile section */

/* Begin PBXContainerItemProxy section */
		1683E39D265E9ED9009A1722 /* PBXContainerItemProxy */ = {
			isa = PBXContainerItemProxy;
			containerPortal = 1683E37E265E9ED7009A1722 /* Project object */;
			proxyType = 1;
			remoteGlobalIDString = 1683E385265E9ED7009A1722;
			remoteInfo = BountyList;
		};
		1683E3A8265E9ED9009A1722 /* PBXContainerItemProxy */ = {
			isa = PBXContainerItemProxy;
			containerPortal = 1683E37E265E9ED7009A1722 /* Project object */;
			proxyType = 1;
			remoteGlobalIDString = 1683E385265E9ED7009A1722;
			remoteInfo = BountyList;
		};
/* End PBXContainerItemProxy section */

/* Begin PBXFileReference section */
		16649F1326650A74006FB82A /* BountyInfo.swift */ = {isa = PBXFileReference; lastKnownFileType = sourcecode.swift; path = BountyInfo.swift; sourceTree = "<group>"; };
		1683E386265E9ED7009A1722 /* BountyList.app */ = {isa = PBXFileReference; explicitFileType = wrapper.application; includeInIndex = 0; path = BountyList.app; sourceTree = BUILT_PRODUCTS_DIR; };
		1683E389265E9ED7009A1722 /* AppDelegate.swift */ = {isa = PBXFileReference; lastKnownFileType = sourcecode.swift; path = AppDelegate.swift; sourceTree = "<group>"; };
		1683E38B265E9ED7009A1722 /* SceneDelegate.swift */ = {isa = PBXFileReference; lastKnownFileType = sourcecode.swift; path = SceneDelegate.swift; sourceTree = "<group>"; };
		1683E390265E9ED7009A1722 /* Base */ = {isa = PBXFileReference; lastKnownFileType = file.storyboard; name = Base; path = Base.lproj/Main.storyboard; sourceTree = "<group>"; };
		1683E392265E9ED9009A1722 /* Assets.xcassets */ = {isa = PBXFileReference; lastKnownFileType = folder.assetcatalog; path = Assets.xcassets; sourceTree = "<group>"; };
		1683E395265E9ED9009A1722 /* Base */ = {isa = PBXFileReference; lastKnownFileType = file.storyboard; name = Base; path = Base.lproj/LaunchScreen.storyboard; sourceTree = "<group>"; };
		1683E397265E9ED9009A1722 /* Info.plist */ = {isa = PBXFileReference; lastKnownFileType = text.plist.xml; path = Info.plist; sourceTree = "<group>"; };
		1683E39C265E9ED9009A1722 /* BountyListTests.xctest */ = {isa = PBXFileReference; explicitFileType = wrapper.cfbundle; includeInIndex = 0; path = BountyListTests.xctest; sourceTree = BUILT_PRODUCTS_DIR; };
		1683E3A0265E9ED9009A1722 /* BountyListTests.swift */ = {isa = PBXFileReference; lastKnownFileType = sourcecode.swift; path = BountyListTests.swift; sourceTree = "<group>"; };
		1683E3A2265E9ED9009A1722 /* Info.plist */ = {isa = PBXFileReference; lastKnownFileType = text.plist.xml; path = Info.plist; sourceTree = "<group>"; };
		1683E3A7265E9ED9009A1722 /* BountyListUITests.xctest */ = {isa = PBXFileReference; explicitFileType = wrapper.cfbundle; includeInIndex = 0; path = BountyListUITests.xctest; sourceTree = BUILT_PRODUCTS_DIR; };
		1683E3AB265E9ED9009A1722 /* BountyListUITests.swift */ = {isa = PBXFileReference; lastKnownFileType = sourcecode.swift; path = BountyListUITests.swift; sourceTree = "<group>"; };
		1683E3AD265E9ED9009A1722 /* Info.plist */ = {isa = PBXFileReference; lastKnownFileType = text.plist.xml; path = Info.plist; sourceTree = "<group>"; };
		1683E3B9265E9FEA009A1722 /* BountyViewController.swift */ = {isa = PBXFileReference; lastKnownFileType = sourcecode.swift; path = BountyViewController.swift; sourceTree = "<group>"; };
		1685674F266053CA00D873B1 /* DetailViewController.swift */ = {isa = PBXFileReference; lastKnownFileType = sourcecode.swift; path = DetailViewController.swift; sourceTree = "<group>"; };
/* End PBXFileReference section */

/* Begin PBXFrameworksBuildPhase section */
		1683E383265E9ED7009A1722 /* Frameworks */ = {
			isa = PBXFrameworksBuildPhase;
			buildActionMask = 2147483647;
			files = (
			);
			runOnlyForDeploymentPostprocessing = 0;
		};
		1683E399265E9ED9009A1722 /* Frameworks */ = {
			isa = PBXFrameworksBuildPhase;
			buildActionMask = 2147483647;
			files = (
			);
			runOnlyForDeploymentPostprocessing = 0;
		};
		1683E3A4265E9ED9009A1722 /* Frameworks */ = {
			isa = PBXFrameworksBuildPhase;
			buildActionMask = 2147483647;
			files = (
			);
			runOnlyForDeploymentPostprocessing = 0;
		};
/* End PBXFrameworksBuildPhase section */

/* Begin PBXGroup section */
		1683E37D265E9ED7009A1722 = {
			isa = PBXGroup;
			children = (
				1683E388265E9ED7009A1722 /* BountyList */,
				1683E39F265E9ED9009A1722 /* BountyListTests */,
				1683E3AA265E9ED9009A1722 /* BountyListUITests */,
				1683E387265E9ED7009A1722 /* Products */,
			);
			sourceTree = "<group>";
		};
		1683E387265E9ED7009A1722 /* Products */ = {
			isa = PBXGroup;
			children = (
				1683E386265E9ED7009A1722 /* BountyList.app */,
				1683E39C265E9ED9009A1722 /* BountyListTests.xctest */,
				1683E3A7265E9ED9009A1722 /* BountyListUITests.xctest */,
			);
			name = Products;
			sourceTree = "<group>";
		};
		1683E388265E9ED7009A1722 /* BountyList */ = {
			isa = PBXGroup;
			children = (
				1683E389265E9ED7009A1722 /* AppDelegate.swift */,
				1683E3B9265E9FEA009A1722 /* BountyViewController.swift */,
				16649F1326650A74006FB82A /* BountyInfo.swift */,
				1685674F266053CA00D873B1 /* DetailViewController.swift */,
				1683E38B265E9ED7009A1722 /* SceneDelegate.swift */,
				1683E38F265E9ED7009A1722 /* Main.storyboard */,
				1683E392265E9ED9009A1722 /* Assets.xcassets */,
				1683E394265E9ED9009A1722 /* LaunchScreen.storyboard */,
				1683E397265E9ED9009A1722 /* Info.plist */,
			);
			path = BountyList;
			sourceTree = "<group>";
		};
		1683E39F265E9ED9009A1722 /* BountyListTests */ = {
			isa = PBXGroup;
			children = (
				1683E3A0265E9ED9009A1722 /* BountyListTests.swift */,
				1683E3A2265E9ED9009A1722 /* Info.plist */,
			);
			path = BountyListTests;
			sourceTree = "<group>";
		};
		1683E3AA265E9ED9009A1722 /* BountyListUITests */ = {
			isa = PBXGroup;
			children = (
				1683E3AB265E9ED9009A1722 /* BountyListUITests.swift */,
				1683E3AD265E9ED9009A1722 /* Info.plist */,
			);
			path = BountyListUITests;
			sourceTree = "<group>";
		};
/* End PBXGroup section */

/* Begin PBXNativeTarget section */
		1683E385265E9ED7009A1722 /* BountyList */ = {
			isa = PBXNativeTarget;
			buildConfigurationList = 1683E3B0265E9ED9009A1722 /* Build configuration list for PBXNativeTarget "BountyList" */;
			buildPhases = (
				1683E382265E9ED7009A1722 /* Sources */,
				1683E383265E9ED7009A1722 /* Frameworks */,
				1683E384265E9ED7009A1722 /* Resources */,
			);
			buildRules = (
			);
			dependencies = (
			);
			name = BountyList;
			productName = BountyList;
			productReference = 1683E386265E9ED7009A1722 /* BountyList.app */;
			productType = "com.apple.product-type.application";
		};
		1683E39B265E9ED9009A1722 /* BountyListTests */ = {
			isa = PBXNativeTarget;
			buildConfigurationList = 1683E3B3265E9ED9009A1722 /* Build configuration list for PBXNativeTarget "BountyListTests" */;
			buildPhases = (
				1683E398265E9ED9009A1722 /* Sources */,
				1683E399265E9ED9009A1722 /* Frameworks */,
				1683E39A265E9ED9009A1722 /* Resources */,
			);
			buildRules = (
			);
			dependencies = (
				1683E39E265E9ED9009A1722 /* PBXTargetDependency */,
			);
			name = BountyListTests;
			productName = BountyListTests;
			productReference = 1683E39C265E9ED9009A1722 /* BountyListTests.xctest */;
			productType = "com.apple.product-type.bundle.unit-test";
		};
		1683E3A6265E9ED9009A1722 /* BountyListUITests */ = {
			isa = PBXNativeTarget;
			buildConfigurationList = 1683E3B6265E9ED9009A1722 /* Build configuration list for PBXNativeTarget "BountyListUITests" */;
			buildPhases = (
				1683E3A3265E9ED9009A1722 /* Sources */,
				1683E3A4265E9ED9009A1722 /* Frameworks */,
				1683E3A5265E9ED9009A1722 /* Resources */,
			);
			buildRules = (
			);
			dependencies = (
				1683E3A9265E9ED9009A1722 /* PBXTargetDependency */,
			);
			name = BountyListUITests;
			productName = BountyListUITests;
			productReference = 1683E3A7265E9ED9009A1722 /* BountyListUITests.xctest */;
			productType = "com.apple.product-type.bundle.ui-testing";
		};
/* End PBXNativeTarget section */

/* Begin PBXProject section */
		1683E37E265E9ED7009A1722 /* Project object */ = {
			isa = PBXProject;
			attributes = {
				LastSwiftUpdateCheck = 1250;
				LastUpgradeCheck = 1250;
				TargetAttributes = {
					1683E385265E9ED7009A1722 = {
						CreatedOnToolsVersion = 12.5;
					};
					1683E39B265E9ED9009A1722 = {
						CreatedOnToolsVersion = 12.5;
						TestTargetID = 1683E385265E9ED7009A1722;
					};
					1683E3A6265E9ED9009A1722 = {
						CreatedOnToolsVersion = 12.5;
						TestTargetID = 1683E385265E9ED7009A1722;
					};
				};
			};
			buildConfigurationList = 1683E381265E9ED7009A1722 /* Build configuration list for PBXProject "BountyList" */;
			compatibilityVersion = "Xcode 9.3";
			developmentRegion = en;
			hasScannedForEncodings = 0;
			knownRegions = (
				en,
				Base,
			);
			mainGroup = 1683E37D265E9ED7009A1722;
			productRefGroup = 1683E387265E9ED7009A1722 /* Products */;
			projectDirPath = "";
			projectRoot = "";
			targets = (
				1683E385265E9ED7009A1722 /* BountyList */,
				1683E39B265E9ED9009A1722 /* BountyListTests */,
				1683E3A6265E9ED9009A1722 /* BountyListUITests */,
			);
		};
/* End PBXProject section */

/* Begin PBXResourcesBuildPhase section */
		1683E384265E9ED7009A1722 /* Resources */ = {
			isa = PBXResourcesBuildPhase;
			buildActionMask = 2147483647;
			files = (
				1683E396265E9ED9009A1722 /* LaunchScreen.storyboard in Resources */,
				1683E393265E9ED9009A1722 /* Assets.xcassets in Resources */,
				1683E391265E9ED7009A1722 /* Main.storyboard in Resources */,
			);
			runOnlyForDeploymentPostprocessing = 0;
		};
		1683E39A265E9ED9009A1722 /* Resources */ = {
			isa = PBXResourcesBuildPhase;
			buildActionMask = 2147483647;
			files = (
			);
			runOnlyForDeploymentPostprocessing = 0;
		};
		1683E3A5265E9ED9009A1722 /* Resources */ = {
			isa = PBXResourcesBuildPhase;
			buildActionMask = 2147483647;
			files = (
			);
			runOnlyForDeploymentPostprocessing = 0;
		};
/* End PBXResourcesBuildPhase section */

/* Begin PBXSourcesBuildPhase section */
		1683E382265E9ED7009A1722 /* Sources */ = {
			isa = PBXSourcesBuildPhase;
			buildActionMask = 2147483647;
			files = (
				16649F1426650A74006FB82A /* BountyInfo.swift in Sources */,
				1683E38A265E9ED7009A1722 /* AppDelegate.swift in Sources */,
				1683E3BA265E9FEA009A1722 /* BountyViewController.swift in Sources */,
				1683E38C265E9ED7009A1722 /* SceneDelegate.swift in Sources */,
				16856750266053CA00D873B1 /* DetailViewController.swift in Sources */,
			);
			runOnlyForDeploymentPostprocessing = 0;
		};
		1683E398265E9ED9009A1722 /* Sources */ = {
			isa = PBXSourcesBuildPhase;
			buildActionMask = 2147483647;
			files = (
				1683E3A1265E9ED9009A1722 /* BountyListTests.swift in Sources */,
			);
			runOnlyForDeploymentPostprocessing = 0;
		};
		1683E3A3265E9ED9009A1722 /* Sources */ = {
			isa = PBXSourcesBuildPhase;
			buildActionMask = 2147483647;
			files = (
				1683E3AC265E9ED9009A1722 /* BountyListUITests.swift in Sources */,
			);
			runOnlyForDeploymentPostprocessing = 0;
		};
/* End PBXSourcesBuildPhase section */

/* Begin PBXTargetDependency section */
		1683E39E265E9ED9009A1722 /* PBXTargetDependency */ = {
			isa = PBXTargetDependency;
			target = 1683E385265E9ED7009A1722 /* BountyList */;
			targetProxy = 1683E39D265E9ED9009A1722 /* PBXContainerItemProxy */;
		};
		1683E3A9265E9ED9009A1722 /* PBXTargetDependency */ = {
			isa = PBXTargetDependency;
			target = 1683E385265E9ED7009A1722 /* BountyList */;
			targetProxy = 1683E3A8265E9ED9009A1722 /* PBXContainerItemProxy */;
		};
/* End PBXTargetDependency section */

/* Begin PBXVariantGroup section */
		1683E38F265E9ED7009A1722 /* Main.storyboard */ = {
			isa = PBXVariantGroup;
			children = (
				1683E390265E9ED7009A1722 /* Base */,
			);
			name = Main.storyboard;
			sourceTree = "<group>";
		};
		1683E394265E9ED9009A1722 /* LaunchScreen.storyboard */ = {
			isa = PBXVariantGroup;
			children = (
				1683E395265E9ED9009A1722 /* Base */,
			);
			name = LaunchScreen.storyboard;
			sourceTree = "<group>";
		};
/* End PBXVariantGroup section */

/* Begin XCBuildConfiguration section */
		1683E3AE265E9ED9009A1722 /* Debug */ = {
			isa = XCBuildConfiguration;
			buildSettings = {
				ALWAYS_SEARCH_USER_PATHS = NO;
				CLANG_ANALYZER_NONNULL = YES;
				CLANG_ANALYZER_NUMBER_OBJECT_CONVERSION = YES_AGGRESSIVE;
				CLANG_CXX_LANGUAGE_STANDARD = "gnu++14";
				CLANG_CXX_LIBRARY = "libc++";
				CLANG_ENABLE_MODULES = YES;
				CLANG_ENABLE_OBJC_ARC = YES;
				CLANG_ENABLE_OBJC_WEAK = YES;
				CLANG_WARN_BLOCK_CAPTURE_AUTORELEASING = YES;
				CLANG_WARN_BOOL_CONVERSION = YES;
				CLANG_WARN_COMMA = YES;
				CLANG_WARN_CONSTANT_CONVERSION = YES;
				CLANG_WARN_DEPRECATED_OBJC_IMPLEMENTATIONS = YES;
				CLANG_WARN_DIRECT_OBJC_ISA_USAGE = YES_ERROR;
				CLANG_WARN_DOCUMENTATION_COMMENTS = YES;
				CLANG_WARN_EMPTY_BODY = YES;
				CLANG_WARN_ENUM_CONVERSION = YES;
				CLANG_WARN_INFINITE_RECURSION = YES;
				CLANG_WARN_INT_CONVERSION = YES;
				CLANG_WARN_NON_LITERAL_NULL_CONVERSION = YES;
				CLANG_WARN_OBJC_IMPLICIT_RETAIN_SELF = YES;
				CLANG_WARN_OBJC_LITERAL_CONVERSION = YES;
				CLANG_WARN_OBJC_ROOT_CLASS = YES_ERROR;
				CLANG_WARN_QUOTED_INCLUDE_IN_FRAMEWORK_HEADER = YES;
				CLANG_WARN_RANGE_LOOP_ANALYSIS = YES;
				CLANG_WARN_STRICT_PROTOTYPES = YES;
				CLANG_WARN_SUSPICIOUS_MOVE = YES;
				CLANG_WARN_UNGUARDED_AVAILABILITY = YES_AGGRESSIVE;
				CLANG_WARN_UNREACHABLE_CODE = YES;
				CLANG_WARN__DUPLICATE_METHOD_MATCH = YES;
				COPY_PHASE_STRIP = NO;
				DEBUG_INFORMATION_FORMAT = dwarf;
				ENABLE_STRICT_OBJC_MSGSEND = YES;
				ENABLE_TESTABILITY = YES;
				GCC_C_LANGUAGE_STANDARD = gnu11;
				GCC_DYNAMIC_NO_PIC = NO;
				GCC_NO_COMMON_BLOCKS = YES;
				GCC_OPTIMIZATION_LEVEL = 0;
				GCC_PREPROCESSOR_DEFINITIONS = (
					"DEBUG=1",
					"$(inherited)",
				);
				GCC_WARN_64_TO_32_BIT_CONVERSION = YES;
				GCC_WARN_ABOUT_RETURN_TYPE = YES_ERROR;
				GCC_WARN_UNDECLARED_SELECTOR = YES;
				GCC_WARN_UNINITIALIZED_AUTOS = YES_AGGRESSIVE;
				GCC_WARN_UNUSED_FUNCTION = YES;
				GCC_WARN_UNUSED_VARIABLE = YES;
				IPHONEOS_DEPLOYMENT_TARGET = 14.5;
				MTL_ENABLE_DEBUG_INFO = INCLUDE_SOURCE;
				MTL_FAST_MATH = YES;
				ONLY_ACTIVE_ARCH = YES;
				SDKROOT = iphoneos;
				SWIFT_ACTIVE_COMPILATION_CONDITIONS = DEBUG;
				SWIFT_OPTIMIZATION_LEVEL = "-Onone";
			};
			name = Debug;
		};
		1683E3AF265E9ED9009A1722 /* Release */ = {
			isa = XCBuildConfiguration;
			buildSettings = {
				ALWAYS_SEARCH_USER_PATHS = NO;
				CLANG_ANALYZER_NONNULL = YES;
				CLANG_ANALYZER_NUMBER_OBJECT_CONVERSION = YES_AGGRESSIVE;
				CLANG_CXX_LANGUAGE_STANDARD = "gnu++14";
				CLANG_CXX_LIBRARY = "libc++";
				CLANG_ENABLE_MODULES = YES;
				CLANG_ENABLE_OBJC_ARC = YES;
				CLANG_ENABLE_OBJC_WEAK = YES;
				CLANG_WARN_BLOCK_CAPTURE_AUTORELEASING = YES;
				CLANG_WARN_BOOL_CONVERSION = YES;
				CLANG_WARN_COMMA = YES;
				CLANG_WARN_CONSTANT_CONVERSION = YES;
				CLANG_WARN_DEPRECATED_OBJC_IMPLEMENTATIONS = YES;
				CLANG_WARN_DIRECT_OBJC_ISA_USAGE = YES_ERROR;
				CLANG_WARN_DOCUMENTATION_COMMENTS = YES;
				CLANG_WARN_EMPTY_BODY = YES;
				CLANG_WARN_ENUM_CONVERSION = YES;
				CLANG_WARN_INFINITE_RECURSION = YES;
				CLANG_WARN_INT_CONVERSION = YES;
				CLANG_WARN_NON_LITERAL_NULL_CONVERSION = YES;
				CLANG_WARN_OBJC_IMPLICIT_RETAIN_SELF = YES;
				CLANG_WARN_OBJC_LITERAL_CONVERSION = YES;
				CLANG_WARN_OBJC_ROOT_CLASS = YES_ERROR;
				CLANG_WARN_QUOTED_INCLUDE_IN_FRAMEWORK_HEADER = YES;
				CLANG_WARN_RANGE_LOOP_ANALYSIS = YES;
				CLANG_WARN_STRICT_PROTOTYPES = YES;
				CLANG_WARN_SUSPICIOUS_MOVE = YES;
				CLANG_WARN_UNGUARDED_AVAILABILITY = YES_AGGRESSIVE;
				CLANG_WARN_UNREACHABLE_CODE = YES;
				CLANG_WARN__DUPLICATE_METHOD_MATCH = YES;
				COPY_PHASE_STRIP = NO;
				DEBUG_INFORMATION_FORMAT = "dwarf-with-dsym";
				ENABLE_NS_ASSERTIONS = NO;
				ENABLE_STRICT_OBJC_MSGSEND = YES;
				GCC_C_LANGUAGE_STANDARD = gnu11;
				GCC_NO_COMMON_BLOCKS = YES;
				GCC_WARN_64_TO_32_BIT_CONVERSION = YES;
				GCC_WARN_ABOUT_RETURN_TYPE = YES_ERROR;
				GCC_WARN_UNDECLARED_SELECTOR = YES;
				GCC_WARN_UNINITIALIZED_AUTOS = YES_AGGRESSIVE;
				GCC_WARN_UNUSED_FUNCTION = YES;
				GCC_WARN_UNUSED_VARIABLE = YES;
				IPHONEOS_DEPLOYMENT_TARGET = 14.5;
				MTL_ENABLE_DEBUG_INFO = NO;
				MTL_FAST_MATH = YES;
				SDKROOT = iphoneos;
				SWIFT_COMPILATION_MODE = wholemodule;
				SWIFT_OPTIMIZATION_LEVEL = "-O";
				VALIDATE_PRODUCT = YES;
			};
			name = Release;
		};
		1683E3B1265E9ED9009A1722 /* Debug */ = {
			isa = XCBuildConfiguration;
			buildSettings = {
				ASSETCATALOG_COMPILER_APPICON_NAME = AppIcon;
				ASSETCATALOG_COMPILER_GLOBAL_ACCENT_COLOR_NAME = AccentColor;
				CODE_SIGN_STYLE = Automatic;
				DEVELOPMENT_TEAM = 74R6HWJ839;
				INFOPLIST_FILE = BountyList/Info.plist;
				LD_RUNPATH_SEARCH_PATHS = (
					"$(inherited)",
					"@executable_path/Frameworks",
				);
				PRODUCT_BUNDLE_IDENTIFIER = com.yoosoony.BountyList;
				PRODUCT_NAME = "$(TARGET_NAME)";
				SWIFT_VERSION = 5.0;
				TARGETED_DEVICE_FAMILY = "1,2";
			};
			name = Debug;
		};
		1683E3B2265E9ED9009A1722 /* Release */ = {
			isa = XCBuildConfiguration;
			buildSettings = {
				ASSETCATALOG_COMPILER_APPICON_NAME = AppIcon;
				ASSETCATALOG_COMPILER_GLOBAL_ACCENT_COLOR_NAME = AccentColor;
				CODE_SIGN_STYLE = Automatic;
				DEVELOPMENT_TEAM = 74R6HWJ839;
				INFOPLIST_FILE = BountyList/Info.plist;
				LD_RUNPATH_SEARCH_PATHS = (
					"$(inherited)",
					"@executable_path/Frameworks",
				);
				PRODUCT_BUNDLE_IDENTIFIER = com.yoosoony.BountyList;
				PRODUCT_NAME = "$(TARGET_NAME)";
				SWIFT_VERSION = 5.0;
				TARGETED_DEVICE_FAMILY = "1,2";
			};
			name = Release;
		};
		1683E3B4265E9ED9009A1722 /* Debug */ = {
			isa = XCBuildConfiguration;
			buildSettings = {
				ALWAYS_EMBED_SWIFT_STANDARD_LIBRARIES = YES;
				BUNDLE_LOADER = "$(TEST_HOST)";
				CODE_SIGN_STYLE = Automatic;
				DEVELOPMENT_TEAM = 74R6HWJ839;
				INFOPLIST_FILE = BountyListTests/Info.plist;
				IPHONEOS_DEPLOYMENT_TARGET = 14.5;
				LD_RUNPATH_SEARCH_PATHS = (
					"$(inherited)",
					"@executable_path/Frameworks",
					"@loader_path/Frameworks",
				);
				PRODUCT_BUNDLE_IDENTIFIER = com.yoosoony.BountyListTests;
				PRODUCT_NAME = "$(TARGET_NAME)";
				SWIFT_VERSION = 5.0;
				TARGETED_DEVICE_FAMILY = "1,2";
				TEST_HOST = "$(BUILT_PRODUCTS_DIR)/BountyList.app/BountyList";
			};
			name = Debug;
		};
		1683E3B5265E9ED9009A1722 /* Release */ = {
			isa = XCBuildConfiguration;
			buildSettings = {
				ALWAYS_EMBED_SWIFT_STANDARD_LIBRARIES = YES;
				BUNDLE_LOADER = "$(TEST_HOST)";
				CODE_SIGN_STYLE = Automatic;
				DEVELOPMENT_TEAM = 74R6HWJ839;
				INFOPLIST_FILE = BountyListTests/Info.plist;
				IPHONEOS_DEPLOYMENT_TARGET = 14.5;
				LD_RUNPATH_SEARCH_PATHS = (
					"$(inherited)",
					"@executable_path/Frameworks",
					"@loader_path/Frameworks",
				);
				PRODUCT_BUNDLE_IDENTIFIER = com.yoosoony.BountyListTests;
				PRODUCT_NAME = "$(TARGET_NAME)";
				SWIFT_VERSION = 5.0;
				TARGETED_DEVICE_FAMILY = "1,2";
				TEST_HOST = "$(BUILT_PRODUCTS_DIR)/BountyList.app/BountyList";
			};
			name = Release;
		};
		1683E3B7265E9ED9009A1722 /* Debug */ = {
			isa = XCBuildConfiguration;
			buildSettings = {
				ALWAYS_EMBED_SWIFT_STANDARD_LIBRARIES = YES;
				CODE_SIGN_STYLE = Automatic;
				DEVELOPMENT_TEAM = 74R6HWJ839;
				INFOPLIST_FILE = BountyListUITests/Info.plist;
				LD_RUNPATH_SEARCH_PATHS = (
					"$(inherited)",
					"@executable_path/Frameworks",
					"@loader_path/Frameworks",
				);
				PRODUCT_BUNDLE_IDENTIFIER = com.yoosoony.BountyListUITests;
				PRODUCT_NAME = "$(TARGET_NAME)";
				SWIFT_VERSION = 5.0;
				TARGETED_DEVICE_FAMILY = "1,2";
				TEST_TARGET_NAME = BountyList;
			};
			name = Debug;
		};
		1683E3B8265E9ED9009A1722 /* Release */ = {
			isa = XCBuildConfiguration;
			buildSettings = {
				ALWAYS_EMBED_SWIFT_STANDARD_LIBRARIES = YES;
				CODE_SIGN_STYLE = Automatic;
				DEVELOPMENT_TEAM = 74R6HWJ839;
				INFOPLIST_FILE = BountyListUITests/Info.plist;
				LD_RUNPATH_SEARCH_PATHS = (
					"$(inherited)",
					"@executable_path/Frameworks",
					"@loader_path/Frameworks",
				);
				PRODUCT_BUNDLE_IDENTIFIER = com.yoosoony.BountyListUITests;
				PRODUCT_NAME = "$(TARGET_NAME)";
				SWIFT_VERSION = 5.0;
				TARGETED_DEVICE_FAMILY = "1,2";
				TEST_TARGET_NAME = BountyList;
			};
			name = Release;
		};
/* End XCBuildConfiguration section */

/* Begin XCConfigurationList section */
		1683E381265E9ED7009A1722 /* Build configuration list for PBXProject "BountyList" */ = {
			isa = XCConfigurationList;
			buildConfigurations = (
				1683E3AE265E9ED9009A1722 /* Debug */,
				1683E3AF265E9ED9009A1722 /* Release */,
			);
			defaultConfigurationIsVisible = 0;
			defaultConfigurationName = Release;
		};
		1683E3B0265E9ED9009A1722 /* Build configuration list for PBXNativeTarget "BountyList" */ = {
			isa = XCConfigurationList;
			buildConfigurations = (
				1683E3B1265E9ED9009A1722 /* Debug */,
				1683E3B2265E9ED9009A1722 /* Release */,
			);
			defaultConfigurationIsVisible = 0;
			defaultConfigurationName = Release;
		};
		1683E3B3265E9ED9009A1722 /* Build configuration list for PBXNativeTarget "BountyListTests" */ = {
			isa = XCConfigurationList;
			buildConfigurations = (
				1683E3B4265E9ED9009A1722 /* Debug */,
				1683E3B5265E9ED9009A1722 /* Release */,
			);
			defaultConfigurationIsVisible = 0;
			defaultConfigurationName = Release;
		};
		1683E3B6265E9ED9009A1722 /* Build configuration list for PBXNativeTarget "BountyListUITests" */ = {
			isa = XCConfigurationList;
			buildConfigurations = (
				1683E3B7265E9ED9009A1722 /* Debug */,
				1683E3B8265E9ED9009A1722 /* Release */,
			);
			defaultConfigurationIsVisible = 0;
			defaultConfigurationName = Release;
		};
/* End XCConfigurationList section */
	};
	rootObject = 1683E37E265E9ED7009A1722 /* Project object */;
}
